// !$*UTF8*$!
{
	archiveVersion = 1;
	classes = {
	};
	objectVersion = 51;
	objects = {

/* Begin PBXBuildFile section */
		19805C94F613F6BB33AA1F40 /* Pods_UBike.framework in Frameworks */ = {isa = PBXBuildFile; fileRef = 0AE796E7CEF8D622CEBE9422 /* Pods_UBike.framework */; };
		3A12ED66265BEA360015C658 /* UBikesViewModelTest.swift in Sources */ = {isa = PBXBuildFile; fileRef = 3A12ED65265BEA360015C658 /* UBikesViewModelTest.swift */; };
		3AC6E43726513CA600B19084 /* UserDefaultsUtil.swift in Sources */ = {isa = PBXBuildFile; fileRef = 3AC6E43626513CA600B19084 /* UserDefaultsUtil.swift */; };
		3AC6E4392651519E00B19084 /* UBikeCollectionCell.swift in Sources */ = {isa = PBXBuildFile; fileRef = 3AC6E4382651519E00B19084 /* UBikeCollectionCell.swift */; };
		3AD19619264B73D7000E0BA4 /* AppDelegate.swift in Sources */ = {isa = PBXBuildFile; fileRef = 3AD19618264B73D7000E0BA4 /* AppDelegate.swift */; };
		3AD1961B264B73D7000E0BA4 /* SceneDelegate.swift in Sources */ = {isa = PBXBuildFile; fileRef = 3AD1961A264B73D7000E0BA4 /* SceneDelegate.swift */; };
		3AD1961D264B73D7000E0BA4 /* HomeViewController.swift in Sources */ = {isa = PBXBuildFile; fileRef = 3AD1961C264B73D7000E0BA4 /* HomeViewController.swift */; };
		3AD19620264B73D7000E0BA4 /* Main.storyboard in Resources */ = {isa = PBXBuildFile; fileRef = 3AD1961E264B73D7000E0BA4 /* Main.storyboard */; };
		3AD19625264B73DE000E0BA4 /* Assets.xcassets in Resources */ = {isa = PBXBuildFile; fileRef = 3AD19624264B73DE000E0BA4 /* Assets.xcassets */; };
		3AD19628264B73DE000E0BA4 /* LaunchScreen.storyboard in Resources */ = {isa = PBXBuildFile; fileRef = 3AD19626264B73DE000E0BA4 /* LaunchScreen.storyboard */; };
		3AD19633264B73DF000E0BA4 /* HomeViewModelTests.swift in Sources */ = {isa = PBXBuildFile; fileRef = 3AD19632264B73DF000E0BA4 /* HomeViewModelTests.swift */; };
		3AD1964F264B791C000E0BA4 /* ApiRequest.swift in Sources */ = {isa = PBXBuildFile; fileRef = 3AD1964E264B791C000E0BA4 /* ApiRequest.swift */; };
		3AD19654264B7E63000E0BA4 /* HomeViewModel.swift in Sources */ = {isa = PBXBuildFile; fileRef = 3AD19653264B7E63000E0BA4 /* HomeViewModel.swift */; };
		3AD19656264B7F1A000E0BA4 /* GetUBikesResource.swift in Sources */ = {isa = PBXBuildFile; fileRef = 3AD19655264B7F1A000E0BA4 /* GetUBikesResource.swift */; };
		3AD19658264B80F0000E0BA4 /* HttpPathEnum.swift in Sources */ = {isa = PBXBuildFile; fileRef = 3AD19657264B80F0000E0BA4 /* HttpPathEnum.swift */; };
		3AD1965A264B89BC000E0BA4 /* GetProjectsResource.swift in Sources */ = {isa = PBXBuildFile; fileRef = 3AD19659264B89BC000E0BA4 /* GetProjectsResource.swift */; };
		3AD1965C264BC8D1000E0BA4 /* MapInfoViewController.swift in Sources */ = {isa = PBXBuildFile; fileRef = 3AD1965B264BC8D1000E0BA4 /* MapInfoViewController.swift */; };
		3AD1965E264DA1A1000E0BA4 /* UBikePointAnnotation.swift in Sources */ = {isa = PBXBuildFile; fileRef = 3AD1965D264DA1A1000E0BA4 /* UBikePointAnnotation.swift */; };
		3AD19660264DB3A9000E0BA4 /* BorderButton.swift in Sources */ = {isa = PBXBuildFile; fileRef = 3AD1965F264DB3A9000E0BA4 /* BorderButton.swift */; };
		3AD19662264ECF84000E0BA4 /* Constants.swift in Sources */ = {isa = PBXBuildFile; fileRef = 3AD19661264ECF84000E0BA4 /* Constants.swift */; };
		3AD19664264EEDA6000E0BA4 /* ShadowButton.swift in Sources */ = {isa = PBXBuildFile; fileRef = 3AD19663264EEDA6000E0BA4 /* ShadowButton.swift */; };
		3AD19668264EF934000E0BA4 /* UBikesViewModel.swift in Sources */ = {isa = PBXBuildFile; fileRef = 3AD19667264EF934000E0BA4 /* UBikesViewModel.swift */; };
		3AD1966A264FD02C000E0BA4 /* UBikesCollectionCell.swift in Sources */ = {isa = PBXBuildFile; fileRef = 3AD19669264FD02B000E0BA4 /* UBikesCollectionCell.swift */; };
		3AD1966C26512406000E0BA4 /* UBikesAreaViewController.swift in Sources */ = {isa = PBXBuildFile; fileRef = 3AD1966B26512405000E0BA4 /* UBikesAreaViewController.swift */; };
		3AD1966E26512423000E0BA4 /* UBikesFavoriteViewController.swift in Sources */ = {isa = PBXBuildFile; fileRef = 3AD1966D26512423000E0BA4 /* UBikesFavoriteViewController.swift */; };
		3ADD5ED42651725500AFD1AA /* UBikesViewController.swift in Sources */ = {isa = PBXBuildFile; fileRef = 3ADD5ED32651725500AFD1AA /* UBikesViewController.swift */; };
		4B4F4CC638E34C8CABBED353 /* Pods_UBikeTests.framework in Frameworks */ = {isa = PBXBuildFile; fileRef = B47E696C4077EDA55E829A95 /* Pods_UBikeTests.framework */; };
/* End PBXBuildFile section */

/* Begin PBXContainerItemProxy section */
		3AD1962F264B73DF000E0BA4 /* PBXContainerItemProxy */ = {
			isa = PBXContainerItemProxy;
			containerPortal = 3AD1960D264B73D6000E0BA4 /* Project object */;
			proxyType = 1;
			remoteGlobalIDString = 3AD19614264B73D7000E0BA4;
			remoteInfo = UBike;
		};
/* End PBXContainerItemProxy section */

/* Begin PBXFileReference section */
		0AE796E7CEF8D622CEBE9422 /* Pods_UBike.framework */ = {isa = PBXFileReference; explicitFileType = wrapper.framework; includeInIndex = 0; path = Pods_UBike.framework; sourceTree = BUILT_PRODUCTS_DIR; };
		3A12ED65265BEA360015C658 /* UBikesViewModelTest.swift */ = {isa = PBXFileReference; lastKnownFileType = sourcecode.swift; path = UBikesViewModelTest.swift; sourceTree = "<group>"; };
		3AC6E43626513CA600B19084 /* UserDefaultsUtil.swift */ = {isa = PBXFileReference; lastKnownFileType = sourcecode.swift; path = UserDefaultsUtil.swift; sourceTree = "<group>"; };
		3AC6E4382651519E00B19084 /* UBikeCollectionCell.swift */ = {isa = PBXFileReference; lastKnownFileType = sourcecode.swift; path = UBikeCollectionCell.swift; sourceTree = "<group>"; };
		3AD19615264B73D7000E0BA4 /* UBike.app */ = {isa = PBXFileReference; explicitFileType = wrapper.application; includeInIndex = 0; path = UBike.app; sourceTree = BUILT_PRODUCTS_DIR; };
		3AD19618264B73D7000E0BA4 /* AppDelegate.swift */ = {isa = PBXFileReference; lastKnownFileType = sourcecode.swift; path = AppDelegate.swift; sourceTree = "<group>"; };
		3AD1961A264B73D7000E0BA4 /* SceneDelegate.swift */ = {isa = PBXFileReference; lastKnownFileType = sourcecode.swift; path = SceneDelegate.swift; sourceTree = "<group>"; };
		3AD1961C264B73D7000E0BA4 /* HomeViewController.swift */ = {isa = PBXFileReference; lastKnownFileType = sourcecode.swift; path = HomeViewController.swift; sourceTree = "<group>"; };
		3AD1961F264B73D7000E0BA4 /* Base */ = {isa = PBXFileReference; lastKnownFileType = file.storyboard; name = Base; path = Base.lproj/Main.storyboard; sourceTree = "<group>"; };
		3AD19624264B73DE000E0BA4 /* Assets.xcassets */ = {isa = PBXFileReference; lastKnownFileType = folder.assetcatalog; path = Assets.xcassets; sourceTree = "<group>"; };
		3AD19627264B73DE000E0BA4 /* Base */ = {isa = PBXFileReference; lastKnownFileType = file.storyboard; name = Base; path = Base.lproj/LaunchScreen.storyboard; sourceTree = "<group>"; };
		3AD19629264B73DE000E0BA4 /* Info.plist */ = {isa = PBXFileReference; lastKnownFileType = text.plist.xml; path = Info.plist; sourceTree = "<group>"; };
		3AD1962E264B73DF000E0BA4 /* UBikeTests.xctest */ = {isa = PBXFileReference; explicitFileType = wrapper.cfbundle; includeInIndex = 0; path = UBikeTests.xctest; sourceTree = BUILT_PRODUCTS_DIR; };
		3AD19632264B73DF000E0BA4 /* HomeViewModelTests.swift */ = {isa = PBXFileReference; lastKnownFileType = sourcecode.swift; path = HomeViewModelTests.swift; sourceTree = "<group>"; };
		3AD19634264B73DF000E0BA4 /* Info.plist */ = {isa = PBXFileReference; lastKnownFileType = text.plist.xml; path = Info.plist; sourceTree = "<group>"; };
		3AD1964E264B791C000E0BA4 /* ApiRequest.swift */ = {isa = PBXFileReference; lastKnownFileType = sourcecode.swift; path = ApiRequest.swift; sourceTree = "<group>"; };
		3AD19653264B7E63000E0BA4 /* HomeViewModel.swift */ = {isa = PBXFileReference; lastKnownFileType = sourcecode.swift; path = HomeViewModel.swift; sourceTree = "<group>"; };
		3AD19655264B7F1A000E0BA4 /* GetUBikesResource.swift */ = {isa = PBXFileReference; lastKnownFileType = sourcecode.swift; path = GetUBikesResource.swift; sourceTree = "<group>"; };
		3AD19657264B80F0000E0BA4 /* HttpPathEnum.swift */ = {isa = PBXFileReference; lastKnownFileType = sourcecode.swift; path = HttpPathEnum.swift; sourceTree = "<group>"; };
		3AD19659264B89BC000E0BA4 /* GetProjectsResource.swift */ = {isa = PBXFileReference; lastKnownFileType = sourcecode.swift; path = GetProjectsResource.swift; sourceTree = "<group>"; };
		3AD1965B264BC8D1000E0BA4 /* MapInfoViewController.swift */ = {isa = PBXFileReference; lastKnownFileType = sourcecode.swift; path = MapInfoViewController.swift; sourceTree = "<group>"; };
		3AD1965D264DA1A1000E0BA4 /* UBikePointAnnotation.swift */ = {isa = PBXFileReference; lastKnownFileType = sourcecode.swift; path = UBikePointAnnotation.swift; sourceTree = "<group>"; };
		3AD1965F264DB3A9000E0BA4 /* BorderButton.swift */ = {isa = PBXFileReference; lastKnownFileType = sourcecode.swift; path = BorderButton.swift; sourceTree = "<group>"; };
		3AD19661264ECF84000E0BA4 /* Constants.swift */ = {isa = PBXFileReference; lastKnownFileType = sourcecode.swift; path = Constants.swift; sourceTree = "<group>"; };
		3AD19663264EEDA6000E0BA4 /* ShadowButton.swift */ = {isa = PBXFileReference; lastKnownFileType = sourcecode.swift; path = ShadowButton.swift; sourceTree = "<group>"; };
		3AD19667264EF934000E0BA4 /* UBikesViewModel.swift */ = {isa = PBXFileReference; lastKnownFileType = sourcecode.swift; path = UBikesViewModel.swift; sourceTree = "<group>"; };
		3AD19669264FD02B000E0BA4 /* UBikesCollectionCell.swift */ = {isa = PBXFileReference; lastKnownFileType = sourcecode.swift; path = UBikesCollectionCell.swift; sourceTree = "<group>"; };
		3AD1966B26512405000E0BA4 /* UBikesAreaViewController.swift */ = {isa = PBXFileReference; lastKnownFileType = sourcecode.swift; path = UBikesAreaViewController.swift; sourceTree = "<group>"; };
		3AD1966D26512423000E0BA4 /* UBikesFavoriteViewController.swift */ = {isa = PBXFileReference; lastKnownFileType = sourcecode.swift; path = UBikesFavoriteViewController.swift; sourceTree = "<group>"; };
		3ADD5ED32651725500AFD1AA /* UBikesViewController.swift */ = {isa = PBXFileReference; lastKnownFileType = sourcecode.swift; path = UBikesViewController.swift; sourceTree = "<group>"; };
		5D0E5A7A48A4F0F2DA7A6EB8 /* Pods-UBike.release.xcconfig */ = {isa = PBXFileReference; includeInIndex = 1; lastKnownFileType = text.xcconfig; name = "Pods-UBike.release.xcconfig"; path = "Target Support Files/Pods-UBike/Pods-UBike.release.xcconfig"; sourceTree = "<group>"; };
		61ED233629D898E50018EDF2 /* TaiwanLocation.gpx */ = {isa = PBXFileReference; lastKnownFileType = text.xml; path = TaiwanLocation.gpx; sourceTree = "<group>"; };
		72E0739BB1C1959D451C5CA4 /* Pods-UBike-UBikeUITests.debug.xcconfig */ = {isa = PBXFileReference; includeInIndex = 1; lastKnownFileType = text.xcconfig; name = "Pods-UBike-UBikeUITests.debug.xcconfig"; path = "Target Support Files/Pods-UBike-UBikeUITests/Pods-UBike-UBikeUITests.debug.xcconfig"; sourceTree = "<group>"; };
		8D23C74852C1AEBA037E5396 /* Pods-UBikeTests.release.xcconfig */ = {isa = PBXFileReference; includeInIndex = 1; lastKnownFileType = text.xcconfig; name = "Pods-UBikeTests.release.xcconfig"; path = "Target Support Files/Pods-UBikeTests/Pods-UBikeTests.release.xcconfig"; sourceTree = "<group>"; };
		9FDE8ECB29A97431BC186D50 /* Pods_UBike_UBikeUITests.framework */ = {isa = PBXFileReference; explicitFileType = wrapper.framework; includeInIndex = 0; path = Pods_UBike_UBikeUITests.framework; sourceTree = BUILT_PRODUCTS_DIR; };
		B47E696C4077EDA55E829A95 /* Pods_UBikeTests.framework */ = {isa = PBXFileReference; explicitFileType = wrapper.framework; includeInIndex = 0; path = Pods_UBikeTests.framework; sourceTree = BUILT_PRODUCTS_DIR; };
		EFC3567F8368AEFB2E000F34 /* Pods-UBike.debug.xcconfig */ = {isa = PBXFileReference; includeInIndex = 1; lastKnownFileType = text.xcconfig; name = "Pods-UBike.debug.xcconfig"; path = "Target Support Files/Pods-UBike/Pods-UBike.debug.xcconfig"; sourceTree = "<group>"; };
		F071FBF07277956C10CC0595 /* Pods-UBikeTests.debug.xcconfig */ = {isa = PBXFileReference; includeInIndex = 1; lastKnownFileType = text.xcconfig; name = "Pods-UBikeTests.debug.xcconfig"; path = "Target Support Files/Pods-UBikeTests/Pods-UBikeTests.debug.xcconfig"; sourceTree = "<group>"; };
		FC6A3EDE4AA400B560947CE1 /* Pods-UBike-UBikeUITests.release.xcconfig */ = {isa = PBXFileReference; includeInIndex = 1; lastKnownFileType = text.xcconfig; name = "Pods-UBike-UBikeUITests.release.xcconfig"; path = "Target Support Files/Pods-UBike-UBikeUITests/Pods-UBike-UBikeUITests.release.xcconfig"; sourceTree = "<group>"; };
/* End PBXFileReference section */

/* Begin PBXFrameworksBuildPhase section */
		3AD19612264B73D7000E0BA4 /* Frameworks */ = {
			isa = PBXFrameworksBuildPhase;
			buildActionMask = 2147483647;
			files = (
				19805C94F613F6BB33AA1F40 /* Pods_UBike.framework in Frameworks */,
			);
			runOnlyForDeploymentPostprocessing = 0;
		};
		3AD1962B264B73DF000E0BA4 /* Frameworks */ = {
			isa = PBXFrameworksBuildPhase;
			buildActionMask = 2147483647;
			files = (
				4B4F4CC638E34C8CABBED353 /* Pods_UBikeTests.framework in Frameworks */,
			);
			runOnlyForDeploymentPostprocessing = 0;
		};
/* End PBXFrameworksBuildPhase section */

/* Begin PBXGroup section */
		3AD1960C264B73D6000E0BA4 = {
			isa = PBXGroup;
			children = (
				3AD19617264B73D7000E0BA4 /* UBike */,
				3AD19631264B73DF000E0BA4 /* UBikeTests */,
				3AD19616264B73D7000E0BA4 /* Products */,
				EC29779872D267C4FE195B14 /* Pods */,
				C72CD4F6A566EAB178C39BD2 /* Frameworks */,
			);
			sourceTree = "<group>";
		};
		3AD19616264B73D7000E0BA4 /* Products */ = {
			isa = PBXGroup;
			children = (
				3AD19615264B73D7000E0BA4 /* UBike.app */,
				3AD1962E264B73DF000E0BA4 /* UBikeTests.xctest */,
			);
			name = Products;
			sourceTree = "<group>";
		};
		3AD19617264B73D7000E0BA4 /* UBike */ = {
			isa = PBXGroup;
			children = (
				613039B229ED0DD700A060B2 /* Modules */,
				3AD1964C264B768A000E0BA4 /* Repository */,
				613039B129ED0D5400A060B2 /* Resources */,
				613039B529ED0F1100A060B2 /* Utility */,
				3AD19618264B73D7000E0BA4 /* AppDelegate.swift */,
				3AD1961A264B73D7000E0BA4 /* SceneDelegate.swift */,
				3AD19624264B73DE000E0BA4 /* Assets.xcassets */,
				3AD19626264B73DE000E0BA4 /* LaunchScreen.storyboard */,
				3AD19629264B73DE000E0BA4 /* Info.plist */,
			);
			path = UBike;
			sourceTree = "<group>";
		};
		3AD19631264B73DF000E0BA4 /* UBikeTests */ = {
			isa = PBXGroup;
			children = (
				3AD19632264B73DF000E0BA4 /* HomeViewModelTests.swift */,
				3AD19634264B73DF000E0BA4 /* Info.plist */,
				3A12ED65265BEA360015C658 /* UBikesViewModelTest.swift */,
			);
			path = UBikeTests;
			sourceTree = "<group>";
		};
		3AD1964C264B768A000E0BA4 /* Repository */ = {
			isa = PBXGroup;
			children = (
				3AD19661264ECF84000E0BA4 /* Constants.swift */,
				3AC6E43626513CA600B19084 /* UserDefaultsUtil.swift */,
				3AD1964E264B791C000E0BA4 /* ApiRequest.swift */,
				3AD19655264B7F1A000E0BA4 /* GetUBikesResource.swift */,
				3AD19657264B80F0000E0BA4 /* HttpPathEnum.swift */,
				3AD19659264B89BC000E0BA4 /* GetProjectsResource.swift */,
			);
			path = Repository;
			sourceTree = "<group>";
		};
		613039B129ED0D5400A060B2 /* Resources */ = {
			isa = PBXGroup;
			children = (
				61ED233629D898E50018EDF2 /* TaiwanLocation.gpx */,
			);
			path = Resources;
			sourceTree = "<group>";
		};
		613039B229ED0DD700A060B2 /* Modules */ = {
			isa = PBXGroup;
			children = (
				613039B329ED0E0C00A060B2 /* Home */,
				613039B429ED0E1100A060B2 /* Ubikes */,
			);
			path = Modules;
			sourceTree = "<group>";
		};
		613039B329ED0E0C00A060B2 /* Home */ = {
			isa = PBXGroup;
			children = (
				3AD1961E264B73D7000E0BA4 /* Main.storyboard */,
				3AD1965D264DA1A1000E0BA4 /* UBikePointAnnotation.swift */,
				3AD1965B264BC8D1000E0BA4 /* MapInfoViewController.swift */,
				3AD1961C264B73D7000E0BA4 /* HomeViewController.swift */,
				3AD19653264B7E63000E0BA4 /* HomeViewModel.swift */,
			);
			path = Home;
			sourceTree = "<group>";
		};
		613039B429ED0E1100A060B2 /* Ubikes */ = {
			isa = PBXGroup;
			children = (
				3AD19667264EF934000E0BA4 /* UBikesViewModel.swift */,
				3AC6E4382651519E00B19084 /* UBikeCollectionCell.swift */,
				3AD19669264FD02B000E0BA4 /* UBikesCollectionCell.swift */,
				3AD1966B26512405000E0BA4 /* UBikesAreaViewController.swift */,
				3AD1966D26512423000E0BA4 /* UBikesFavoriteViewController.swift */,
				3ADD5ED32651725500AFD1AA /* UBikesViewController.swift */,
			);
			path = Ubikes;
			sourceTree = "<group>";
		};
		613039B529ED0F1100A060B2 /* Utility */ = {
			isa = PBXGroup;
			children = (
				613039B629ED0F4000A060B2 /* Views */,
			);
			path = Utility;
			sourceTree = "<group>";
		};
		613039B629ED0F4000A060B2 /* Views */ = {
			isa = PBXGroup;
			children = (
				3AD19663264EEDA6000E0BA4 /* ShadowButton.swift */,
				3AD1965F264DB3A9000E0BA4 /* BorderButton.swift */,
			);
			path = Views;
			sourceTree = "<group>";
		};
		C72CD4F6A566EAB178C39BD2 /* Frameworks */ = {
			isa = PBXGroup;
			children = (
				0AE796E7CEF8D622CEBE9422 /* Pods_UBike.framework */,
				9FDE8ECB29A97431BC186D50 /* Pods_UBike_UBikeUITests.framework */,
				B47E696C4077EDA55E829A95 /* Pods_UBikeTests.framework */,
			);
			name = Frameworks;
			sourceTree = "<group>";
		};
		EC29779872D267C4FE195B14 /* Pods */ = {
			isa = PBXGroup;
			children = (
				EFC3567F8368AEFB2E000F34 /* Pods-UBike.debug.xcconfig */,
				5D0E5A7A48A4F0F2DA7A6EB8 /* Pods-UBike.release.xcconfig */,
				72E0739BB1C1959D451C5CA4 /* Pods-UBike-UBikeUITests.debug.xcconfig */,
				FC6A3EDE4AA400B560947CE1 /* Pods-UBike-UBikeUITests.release.xcconfig */,
				F071FBF07277956C10CC0595 /* Pods-UBikeTests.debug.xcconfig */,
				8D23C74852C1AEBA037E5396 /* Pods-UBikeTests.release.xcconfig */,
			);
			path = Pods;
			sourceTree = "<group>";
		};
/* End PBXGroup section */

/* Begin PBXNativeTarget section */
		3AD19614264B73D7000E0BA4 /* UBike */ = {
			isa = PBXNativeTarget;
			buildConfigurationList = 3AD19642264B73DF000E0BA4 /* Build configuration list for PBXNativeTarget "UBike" */;
			buildPhases = (
				A4835C3F3555FED7F6B5C92A /* [CP] Check Pods Manifest.lock */,
				3AD19611264B73D7000E0BA4 /* Sources */,
				3AD19612264B73D7000E0BA4 /* Frameworks */,
				3AD19613264B73D7000E0BA4 /* Resources */,
				422A114392C498E89557A41B /* [CP] Embed Pods Frameworks */,
			);
			buildRules = (
			);
			dependencies = (
			);
			name = UBike;
			productName = UBike;
			productReference = 3AD19615264B73D7000E0BA4 /* UBike.app */;
			productType = "com.apple.product-type.application";
		};
		3AD1962D264B73DF000E0BA4 /* UBikeTests */ = {
			isa = PBXNativeTarget;
			buildConfigurationList = 3AD19645264B73DF000E0BA4 /* Build configuration list for PBXNativeTarget "UBikeTests" */;
			buildPhases = (
				FC7D7DD6B79F06008A32E1AB /* [CP] Check Pods Manifest.lock */,
				3AD1962A264B73DF000E0BA4 /* Sources */,
				3AD1962B264B73DF000E0BA4 /* Frameworks */,
				3AD1962C264B73DF000E0BA4 /* Resources */,
				869062E547C961153FE4D7AC /* [CP] Embed Pods Frameworks */,
			);
			buildRules = (
			);
			dependencies = (
				3AD19630264B73DF000E0BA4 /* PBXTargetDependency */,
			);
			name = UBikeTests;
			productName = UBikeTests;
			productReference = 3AD1962E264B73DF000E0BA4 /* UBikeTests.xctest */;
			productType = "com.apple.product-type.bundle.unit-test";
		};
/* End PBXNativeTarget section */

/* Begin PBXProject section */
		3AD1960D264B73D6000E0BA4 /* Project object */ = {
			isa = PBXProject;
			attributes = {
				LastSwiftUpdateCheck = 1250;
				LastUpgradeCheck = 1250;
				TargetAttributes = {
					3AD19614264B73D7000E0BA4 = {
						CreatedOnToolsVersion = 12.5;
					};
					3AD1962D264B73DF000E0BA4 = {
						CreatedOnToolsVersion = 12.5;
						TestTargetID = 3AD19614264B73D7000E0BA4;
					};
				};
			};
			buildConfigurationList = 3AD19610264B73D6000E0BA4 /* Build configuration list for PBXProject "UBike" */;
			compatibilityVersion = "Xcode 9.3";
			developmentRegion = en;
			hasScannedForEncodings = 0;
			knownRegions = (
				en,
				Base,
			);
			mainGroup = 3AD1960C264B73D6000E0BA4;
			productRefGroup = 3AD19616264B73D7000E0BA4 /* Products */;
			projectDirPath = "";
			projectRoot = "";
			targets = (
				3AD19614264B73D7000E0BA4 /* UBike */,
				3AD1962D264B73DF000E0BA4 /* UBikeTests */,
			);
		};
/* End PBXProject section */

/* Begin PBXResourcesBuildPhase section */
		3AD19613264B73D7000E0BA4 /* Resources */ = {
			isa = PBXResourcesBuildPhase;
			buildActionMask = 2147483647;
			files = (
				3AD19628264B73DE000E0BA4 /* LaunchScreen.storyboard in Resources */,
				3AD19625264B73DE000E0BA4 /* Assets.xcassets in Resources */,
				3AD19620264B73D7000E0BA4 /* Main.storyboard in Resources */,
			);
			runOnlyForDeploymentPostprocessing = 0;
		};
		3AD1962C264B73DF000E0BA4 /* Resources */ = {
			isa = PBXResourcesBuildPhase;
			buildActionMask = 2147483647;
			files = (
			);
			runOnlyForDeploymentPostprocessing = 0;
		};
/* End PBXResourcesBuildPhase section */

/* Begin PBXShellScriptBuildPhase section */
		422A114392C498E89557A41B /* [CP] Embed Pods Frameworks */ = {
			isa = PBXShellScriptBuildPhase;
			buildActionMask = 2147483647;
			files = (
			);
			inputFileListPaths = (
				"${PODS_ROOT}/Target Support Files/Pods-UBike/Pods-UBike-frameworks-${CONFIGURATION}-input-files.xcfilelist",
			);
			name = "[CP] Embed Pods Frameworks";
			outputFileListPaths = (
				"${PODS_ROOT}/Target Support Files/Pods-UBike/Pods-UBike-frameworks-${CONFIGURATION}-output-files.xcfilelist",
			);
			runOnlyForDeploymentPostprocessing = 0;
			shellPath = /bin/sh;
			shellScript = "\"${PODS_ROOT}/Target Support Files/Pods-UBike/Pods-UBike-frameworks.sh\"\n";
			showEnvVarsInLog = 0;
		};
		869062E547C961153FE4D7AC /* [CP] Embed Pods Frameworks */ = {
			isa = PBXShellScriptBuildPhase;
			buildActionMask = 2147483647;
			files = (
			);
			inputFileListPaths = (
				"${PODS_ROOT}/Target Support Files/Pods-UBikeTests/Pods-UBikeTests-frameworks-${CONFIGURATION}-input-files.xcfilelist",
			);
			name = "[CP] Embed Pods Frameworks";
			outputFileListPaths = (
				"${PODS_ROOT}/Target Support Files/Pods-UBikeTests/Pods-UBikeTests-frameworks-${CONFIGURATION}-output-files.xcfilelist",
			);
			runOnlyForDeploymentPostprocessing = 0;
			shellPath = /bin/sh;
			shellScript = "\"${PODS_ROOT}/Target Support Files/Pods-UBikeTests/Pods-UBikeTests-frameworks.sh\"\n";
			showEnvVarsInLog = 0;
		};
		A4835C3F3555FED7F6B5C92A /* [CP] Check Pods Manifest.lock */ = {
			isa = PBXShellScriptBuildPhase;
			buildActionMask = 2147483647;
			files = (
			);
			inputFileListPaths = (
			);
			inputPaths = (
				"${PODS_PODFILE_DIR_PATH}/Podfile.lock",
				"${PODS_ROOT}/Manifest.lock",
			);
			name = "[CP] Check Pods Manifest.lock";
			outputFileListPaths = (
			);
			outputPaths = (
				"$(DERIVED_FILE_DIR)/Pods-UBike-checkManifestLockResult.txt",
			);
			runOnlyForDeploymentPostprocessing = 0;
			shellPath = /bin/sh;
			shellScript = "diff \"${PODS_PODFILE_DIR_PATH}/Podfile.lock\" \"${PODS_ROOT}/Manifest.lock\" > /dev/null\nif [ $? != 0 ] ; then\n    # print error to STDERR\n    echo \"error: The sandbox is not in sync with the Podfile.lock. Run 'pod install' or update your CocoaPods installation.\" >&2\n    exit 1\nfi\n# This output is used by Xcode 'outputs' to avoid re-running this script phase.\necho \"SUCCESS\" > \"${SCRIPT_OUTPUT_FILE_0}\"\n";
			showEnvVarsInLog = 0;
		};
		FC7D7DD6B79F06008A32E1AB /* [CP] Check Pods Manifest.lock */ = {
			isa = PBXShellScriptBuildPhase;
			buildActionMask = 2147483647;
			files = (
			);
			inputFileListPaths = (
			);
			inputPaths = (
				"${PODS_PODFILE_DIR_PATH}/Podfile.lock",
				"${PODS_ROOT}/Manifest.lock",
			);
			name = "[CP] Check Pods Manifest.lock";
			outputFileListPaths = (
			);
			outputPaths = (
				"$(DERIVED_FILE_DIR)/Pods-UBikeTests-checkManifestLockResult.txt",
			);
			runOnlyForDeploymentPostprocessing = 0;
			shellPath = /bin/sh;
			shellScript = "diff \"${PODS_PODFILE_DIR_PATH}/Podfile.lock\" \"${PODS_ROOT}/Manifest.lock\" > /dev/null\nif [ $? != 0 ] ; then\n    # print error to STDERR\n    echo \"error: The sandbox is not in sync with the Podfile.lock. Run 'pod install' or update your CocoaPods installation.\" >&2\n    exit 1\nfi\n# This output is used by Xcode 'outputs' to avoid re-running this script phase.\necho \"SUCCESS\" > \"${SCRIPT_OUTPUT_FILE_0}\"\n";
			showEnvVarsInLog = 0;
		};
/* End PBXShellScriptBuildPhase section */

/* Begin PBXSourcesBuildPhase section */
		3AD19611264B73D7000E0BA4 /* Sources */ = {
			isa = PBXSourcesBuildPhase;
			buildActionMask = 2147483647;
			files = (
				3ADD5ED42651725500AFD1AA /* UBikesViewController.swift in Sources */,
				3AD1966E26512423000E0BA4 /* UBikesFavoriteViewController.swift in Sources */,
				3AD1961D264B73D7000E0BA4 /* HomeViewController.swift in Sources */,
				3AC6E43726513CA600B19084 /* UserDefaultsUtil.swift in Sources */,
				3AD1965C264BC8D1000E0BA4 /* MapInfoViewController.swift in Sources */,
				3AD19654264B7E63000E0BA4 /* HomeViewModel.swift in Sources */,
				3AD19619264B73D7000E0BA4 /* AppDelegate.swift in Sources */,
				3AD19660264DB3A9000E0BA4 /* BorderButton.swift in Sources */,
				3AD19668264EF934000E0BA4 /* UBikesViewModel.swift in Sources */,
				3AD19664264EEDA6000E0BA4 /* ShadowButton.swift in Sources */,
				3AD19656264B7F1A000E0BA4 /* GetUBikesResource.swift in Sources */,
				3AD1966C26512406000E0BA4 /* UBikesAreaViewController.swift in Sources */,
				3AC6E4392651519E00B19084 /* UBikeCollectionCell.swift in Sources */,
				3AD1965A264B89BC000E0BA4 /* GetProjectsResource.swift in Sources */,
				3AD19662264ECF84000E0BA4 /* Constants.swift in Sources */,
				3AD19658264B80F0000E0BA4 /* HttpPathEnum.swift in Sources */,
				3AD1966A264FD02C000E0BA4 /* UBikesCollectionCell.swift in Sources */,
				3AD1964F264B791C000E0BA4 /* ApiRequest.swift in Sources */,
				3AD1961B264B73D7000E0BA4 /* SceneDelegate.swift in Sources */,
				3AD1965E264DA1A1000E0BA4 /* UBikePointAnnotation.swift in Sources */,
			);
			runOnlyForDeploymentPostprocessing = 0;
		};
		3AD1962A264B73DF000E0BA4 /* Sources */ = {
			isa = PBXSourcesBuildPhase;
			buildActionMask = 2147483647;
			files = (
				3AD19633264B73DF000E0BA4 /* HomeViewModelTests.swift in Sources */,
				3A12ED66265BEA360015C658 /* UBikesViewModelTest.swift in Sources */,
			);
			runOnlyForDeploymentPostprocessing = 0;
		};
/* End PBXSourcesBuildPhase section */

/* Begin PBXTargetDependency section */
		3AD19630264B73DF000E0BA4 /* PBXTargetDependency */ = {
			isa = PBXTargetDependency;
			target = 3AD19614264B73D7000E0BA4 /* UBike */;
			targetProxy = 3AD1962F264B73DF000E0BA4 /* PBXContainerItemProxy */;
		};
/* End PBXTargetDependency section */

/* Begin PBXVariantGroup section */
		3AD1961E264B73D7000E0BA4 /* Main.storyboard */ = {
			isa = PBXVariantGroup;
			children = (
				3AD1961F264B73D7000E0BA4 /* Base */,
			);
			name = Main.storyboard;
			sourceTree = "<group>";
		};
		3AD19626264B73DE000E0BA4 /* LaunchScreen.storyboard */ = {
			isa = PBXVariantGroup;
			children = (
				3AD19627264B73DE000E0BA4 /* Base */,
			);
			name = LaunchScreen.storyboard;
			sourceTree = "<group>";
		};
/* End PBXVariantGroup section */

/* Begin XCBuildConfiguration section */
		3AD19640264B73DF000E0BA4 /* Debug */ = {
			isa = XCBuildConfiguration;
			buildSettings = {
				ALWAYS_SEARCH_USER_PATHS = NO;
				CLANG_ANALYZER_NONNULL = YES;
				CLANG_ANALYZER_NUMBER_OBJECT_CONVERSION = YES_AGGRESSIVE;
				CLANG_CXX_LANGUAGE_STANDARD = "gnu++14";
				CLANG_CXX_LIBRARY = "libc++";
				CLANG_ENABLE_MODULES = YES;
				CLANG_ENABLE_OBJC_ARC = YES;
				CLANG_ENABLE_OBJC_WEAK = YES;
				CLANG_WARN_BLOCK_CAPTURE_AUTORELEASING = YES;
				CLANG_WARN_BOOL_CONVERSION = YES;
				CLANG_WARN_COMMA = YES;
				CLANG_WARN_CONSTANT_CONVERSION = YES;
				CLANG_WARN_DEPRECATED_OBJC_IMPLEMENTATIONS = YES;
				CLANG_WARN_DIRECT_OBJC_ISA_USAGE = YES_ERROR;
				CLANG_WARN_DOCUMENTATION_COMMENTS = YES;
				CLANG_WARN_EMPTY_BODY = YES;
				CLANG_WARN_ENUM_CONVERSION = YES;
				CLANG_WARN_INFINITE_RECURSION = YES;
				CLANG_WARN_INT_CONVERSION = YES;
				CLANG_WARN_NON_LITERAL_NULL_CONVERSION = YES;
				CLANG_WARN_OBJC_IMPLICIT_RETAIN_SELF = YES;
				CLANG_WARN_OBJC_LITERAL_CONVERSION = YES;
				CLANG_WARN_OBJC_ROOT_CLASS = YES_ERROR;
				CLANG_WARN_QUOTED_INCLUDE_IN_FRAMEWORK_HEADER = YES;
				CLANG_WARN_RANGE_LOOP_ANALYSIS = YES;
				CLANG_WARN_STRICT_PROTOTYPES = YES;
				CLANG_WARN_SUSPICIOUS_MOVE = YES;
				CLANG_WARN_UNGUARDED_AVAILABILITY = YES_AGGRESSIVE;
				CLANG_WARN_UNREACHABLE_CODE = YES;
				CLANG_WARN__DUPLICATE_METHOD_MATCH = YES;
				COPY_PHASE_STRIP = NO;
				DEBUG_INFORMATION_FORMAT = dwarf;
				ENABLE_STRICT_OBJC_MSGSEND = YES;
				ENABLE_TESTABILITY = YES;
				GCC_C_LANGUAGE_STANDARD = gnu11;
				GCC_DYNAMIC_NO_PIC = NO;
				GCC_NO_COMMON_BLOCKS = YES;
				GCC_OPTIMIZATION_LEVEL = 0;
				GCC_PREPROCESSOR_DEFINITIONS = (
					"DEBUG=1",
					"$(inherited)",
				);
				GCC_WARN_64_TO_32_BIT_CONVERSION = YES;
				GCC_WARN_ABOUT_RETURN_TYPE = YES_ERROR;
				GCC_WARN_UNDECLARED_SELECTOR = YES;
				GCC_WARN_UNINITIALIZED_AUTOS = YES_AGGRESSIVE;
				GCC_WARN_UNUSED_FUNCTION = YES;
				GCC_WARN_UNUSED_VARIABLE = YES;
				IPHONEOS_DEPLOYMENT_TARGET = 14.3;
				MTL_ENABLE_DEBUG_INFO = INCLUDE_SOURCE;
				MTL_FAST_MATH = YES;
				ONLY_ACTIVE_ARCH = YES;
				SDKROOT = iphoneos;
				SWIFT_ACTIVE_COMPILATION_CONDITIONS = DEBUG;
				SWIFT_OPTIMIZATION_LEVEL = "-Onone";
			};
			name = Debug;
		};
		3AD19641264B73DF000E0BA4 /* Release */ = {
			isa = XCBuildConfiguration;
			buildSettings = {
				ALWAYS_SEARCH_USER_PATHS = NO;
				CLANG_ANALYZER_NONNULL = YES;
				CLANG_ANALYZER_NUMBER_OBJECT_CONVERSION = YES_AGGRESSIVE;
				CLANG_CXX_LANGUAGE_STANDARD = "gnu++14";
				CLANG_CXX_LIBRARY = "libc++";
				CLANG_ENABLE_MODULES = YES;
				CLANG_ENABLE_OBJC_ARC = YES;
				CLANG_ENABLE_OBJC_WEAK = YES;
				CLANG_WARN_BLOCK_CAPTURE_AUTORELEASING = YES;
				CLANG_WARN_BOOL_CONVERSION = YES;
				CLANG_WARN_COMMA = YES;
				CLANG_WARN_CONSTANT_CONVERSION = YES;
				CLANG_WARN_DEPRECATED_OBJC_IMPLEMENTATIONS = YES;
				CLANG_WARN_DIRECT_OBJC_ISA_USAGE = YES_ERROR;
				CLANG_WARN_DOCUMENTATION_COMMENTS = YES;
				CLANG_WARN_EMPTY_BODY = YES;
				CLANG_WARN_ENUM_CONVERSION = YES;
				CLANG_WARN_INFINITE_RECURSION = YES;
				CLANG_WARN_INT_CONVERSION = YES;
				CLANG_WARN_NON_LITERAL_NULL_CONVERSION = YES;
				CLANG_WARN_OBJC_IMPLICIT_RETAIN_SELF = YES;
				CLANG_WARN_OBJC_LITERAL_CONVERSION = YES;
				CLANG_WARN_OBJC_ROOT_CLASS = YES_ERROR;
				CLANG_WARN_QUOTED_INCLUDE_IN_FRAMEWORK_HEADER = YES;
				CLANG_WARN_RANGE_LOOP_ANALYSIS = YES;
				CLANG_WARN_STRICT_PROTOTYPES = YES;
				CLANG_WARN_SUSPICIOUS_MOVE = YES;
				CLANG_WARN_UNGUARDED_AVAILABILITY = YES_AGGRESSIVE;
				CLANG_WARN_UNREACHABLE_CODE = YES;
				CLANG_WARN__DUPLICATE_METHOD_MATCH = YES;
				COPY_PHASE_STRIP = NO;
				DEBUG_INFORMATION_FORMAT = "dwarf-with-dsym";
				ENABLE_NS_ASSERTIONS = NO;
				ENABLE_STRICT_OBJC_MSGSEND = YES;
				GCC_C_LANGUAGE_STANDARD = gnu11;
				GCC_NO_COMMON_BLOCKS = YES;
				GCC_WARN_64_TO_32_BIT_CONVERSION = YES;
				GCC_WARN_ABOUT_RETURN_TYPE = YES_ERROR;
				GCC_WARN_UNDECLARED_SELECTOR = YES;
				GCC_WARN_UNINITIALIZED_AUTOS = YES_AGGRESSIVE;
				GCC_WARN_UNUSED_FUNCTION = YES;
				GCC_WARN_UNUSED_VARIABLE = YES;
				IPHONEOS_DEPLOYMENT_TARGET = 14.3;
				MTL_ENABLE_DEBUG_INFO = NO;
				MTL_FAST_MATH = YES;
				SDKROOT = iphoneos;
				SWIFT_COMPILATION_MODE = wholemodule;
				SWIFT_OPTIMIZATION_LEVEL = "-O";
				VALIDATE_PRODUCT = YES;
			};
			name = Release;
		};
		3AD19643264B73DF000E0BA4 /* Debug */ = {
			isa = XCBuildConfiguration;
			baseConfigurationReference = EFC3567F8368AEFB2E000F34 /* Pods-UBike.debug.xcconfig */;
			buildSettings = {
				ASSETCATALOG_COMPILER_APPICON_NAME = AppIcon;
				ASSETCATALOG_COMPILER_GLOBAL_ACCENT_COLOR_NAME = AccentColor;
				CODE_SIGN_STYLE = Automatic;
				DEVELOPMENT_TEAM = 25Q4Y7QB9R;
				INFOPLIST_FILE = UBike/Info.plist;
				IPHONEOS_DEPLOYMENT_TARGET = 14.3;
				LD_RUNPATH_SEARCH_PATHS = (
					"$(inherited)",
					"@executable_path/Frameworks",
				);
				PRODUCT_BUNDLE_IDENTIFIER = vince.UBike;
				PRODUCT_NAME = "$(TARGET_NAME)";
				SWIFT_VERSION = 5.0;
				TARGETED_DEVICE_FAMILY = 1;
			};
			name = Debug;
		};
		3AD19644264B73DF000E0BA4 /* Release */ = {
			isa = XCBuildConfiguration;
			baseConfigurationReference = 5D0E5A7A48A4F0F2DA7A6EB8 /* Pods-UBike.release.xcconfig */;
			buildSettings = {
				ASSETCATALOG_COMPILER_APPICON_NAME = AppIcon;
				ASSETCATALOG_COMPILER_GLOBAL_ACCENT_COLOR_NAME = AccentColor;
				CODE_SIGN_STYLE = Automatic;
				DEVELOPMENT_TEAM = 25Q4Y7QB9R;
				INFOPLIST_FILE = UBike/Info.plist;
				IPHONEOS_DEPLOYMENT_TARGET = 14.3;
				LD_RUNPATH_SEARCH_PATHS = (
					"$(inherited)",
					"@executable_path/Frameworks",
				);
				PRODUCT_BUNDLE_IDENTIFIER = vince.UBike;
				PRODUCT_NAME = "$(TARGET_NAME)";
				SWIFT_VERSION = 5.0;
				TARGETED_DEVICE_FAMILY = 1;
			};
			name = Release;
		};
		3AD19646264B73DF000E0BA4 /* Debug */ = {
			isa = XCBuildConfiguration;
			baseConfigurationReference = F071FBF07277956C10CC0595 /* Pods-UBikeTests.debug.xcconfig */;
			buildSettings = {
				ALWAYS_EMBED_SWIFT_STANDARD_LIBRARIES = YES;
				BUNDLE_LOADER = "$(TEST_HOST)";
				CODE_SIGN_STYLE = Automatic;
				DEVELOPMENT_TEAM = 25Q4Y7QB9R;
				INFOPLIST_FILE = UBikeTests/Info.plist;
				IPHONEOS_DEPLOYMENT_TARGET = 14.5;
				LD_RUNPATH_SEARCH_PATHS = (
					"$(inherited)",
					"@executable_path/Frameworks",
					"@loader_path/Frameworks",
				);
				PRODUCT_BUNDLE_IDENTIFIER = vince.UBikeTests;
				PRODUCT_NAME = "$(TARGET_NAME)";
				SWIFT_VERSION = 5.0;
				TARGETED_DEVICE_FAMILY = "1,2";
				TEST_HOST = "$(BUILT_PRODUCTS_DIR)/UBike.app/UBike";
			};
			name = Debug;
		};
		3AD19647264B73DF000E0BA4 /* Release */ = {
			isa = XCBuildConfiguration;
			baseConfigurationReference = 8D23C74852C1AEBA037E5396 /* Pods-UBikeTests.release.xcconfig */;
			buildSettings = {
				ALWAYS_EMBED_SWIFT_STANDARD_LIBRARIES = YES;
				BUNDLE_LOADER = "$(TEST_HOST)";
				CODE_SIGN_STYLE = Automatic;
				DEVELOPMENT_TEAM = 25Q4Y7QB9R;
				INFOPLIST_FILE = UBikeTests/Info.plist;
				IPHONEOS_DEPLOYMENT_TARGET = 14.5;
				LD_RUNPATH_SEARCH_PATHS = (
					"$(inherited)",
					"@executable_path/Frameworks",
					"@loader_path/Frameworks",
				);
				PRODUCT_BUNDLE_IDENTIFIER = vince.UBikeTests;
				PRODUCT_NAME = "$(TARGET_NAME)";
				SWIFT_VERSION = 5.0;
				TARGETED_DEVICE_FAMILY = "1,2";
				TEST_HOST = "$(BUILT_PRODUCTS_DIR)/UBike.app/UBike";
			};
			name = Release;
		};
/* End XCBuildConfiguration section */

/* Begin XCConfigurationList section */
		3AD19610264B73D6000E0BA4 /* Build configuration list for PBXProject "UBike" */ = {
			isa = XCConfigurationList;
			buildConfigurations = (
				3AD19640264B73DF000E0BA4 /* Debug */,
				3AD19641264B73DF000E0BA4 /* Release */,
			);
			defaultConfigurationIsVisible = 0;
			defaultConfigurationName = Release;
		};
		3AD19642264B73DF000E0BA4 /* Build configuration list for PBXNativeTarget "UBike" */ = {
			isa = XCConfigurationList;
			buildConfigurations = (
				3AD19643264B73DF000E0BA4 /* Debug */,
				3AD19644264B73DF000E0BA4 /* Release */,
			);
			defaultConfigurationIsVisible = 0;
			defaultConfigurationName = Release;
		};
		3AD19645264B73DF000E0BA4 /* Build configuration list for PBXNativeTarget "UBikeTests" */ = {
			isa = XCConfigurationList;
			buildConfigurations = (
				3AD19646264B73DF000E0BA4 /* Debug */,
				3AD19647264B73DF000E0BA4 /* Release */,
			);
			defaultConfigurationIsVisible = 0;
			defaultConfigurationName = Release;
		};
/* End XCConfigurationList section */
	};
	rootObject = 3AD1960D264B73D6000E0BA4 /* Project object */;
}
