// !$*UTF8*$!
{
	archiveVersion = 1;
	classes = {
	};
	objectVersion = 51;
	objects = {

/* Begin PBXBuildFile section */
		19805C94F613F6BB33AA1F40 /* Pods_UBike.framework in Frameworks */ = {isa = PBXBuildFile; fileRef = 0AE796E7CEF8D622CEBE9422 /* Pods_UBike.framework */; };
		3AD19619264B73D7000E0BA4 /* AppDelegate.swift in Sources */ = {isa = PBXBuildFile; fileRef = 3AD19618264B73D7000E0BA4 /* AppDelegate.swift */; };
		3AD1961B264B73D7000E0BA4 /* SceneDelegate.swift in Sources */ = {isa = PBXBuildFile; fileRef = 3AD1961A264B73D7000E0BA4 /* SceneDelegate.swift */; };
		3AD1961D264B73D7000E0BA4 /* HomeViewController.swift in Sources */ = {isa = PBXBuildFile; fileRef = 3AD1961C264B73D7000E0BA4 /* HomeViewController.swift */; };
		3AD19625264B73DE000E0BA4 /* Assets.xcassets in Resources */ = {isa = PBXBuildFile; fileRef = 3AD19624264B73DE000E0BA4 /* Assets.xcassets */; };
		3AD19628264B73DE000E0BA4 /* LaunchScreen.storyboard in Resources */ = {isa = PBXBuildFile; fileRef = 3AD19626264B73DE000E0BA4 /* LaunchScreen.storyboard */; };
		3AD1964F264B791C000E0BA4 /* AlamofireNetworkService.swift in Sources */ = {isa = PBXBuildFile; fileRef = 3AD1964E264B791C000E0BA4 /* AlamofireNetworkService.swift */; };
		3AD19654264B7E63000E0BA4 /* HomeViewModel.swift in Sources */ = {isa = PBXBuildFile; fileRef = 3AD19653264B7E63000E0BA4 /* HomeViewModel.swift */; };
		3AD19656264B7F1A000E0BA4 /* GetUBikesApiModel.swift in Sources */ = {isa = PBXBuildFile; fileRef = 3AD19655264B7F1A000E0BA4 /* GetUBikesApiModel.swift */; };
		3AD1965E264DA1A1000E0BA4 /* UBikeStationAnnotation.swift in Sources */ = {isa = PBXBuildFile; fileRef = 3AD1965D264DA1A1000E0BA4 /* UBikeStationAnnotation.swift */; };
		3AD19660264DB3A9000E0BA4 /* BorderButton.swift in Sources */ = {isa = PBXBuildFile; fileRef = 3AD1965F264DB3A9000E0BA4 /* BorderButton.swift */; };
		3AD19662264ECF84000E0BA4 /* NetworkConstants.swift in Sources */ = {isa = PBXBuildFile; fileRef = 3AD19661264ECF84000E0BA4 /* NetworkConstants.swift */; };
		3AD19664264EEDA6000E0BA4 /* RoundedRectangleShadowButton.swift in Sources */ = {isa = PBXBuildFile; fileRef = 3AD19663264EEDA6000E0BA4 /* RoundedRectangleShadowButton.swift */; };
		4B4F4CC638E34C8CABBED353 /* Pods_UBikeTests.framework in Frameworks */ = {isa = PBXBuildFile; fileRef = B47E696C4077EDA55E829A95 /* Pods_UBikeTests.framework */; };
		6120884829F512B600A9CC4F /* Ubike_Station+CoreDataClass.swift in Sources */ = {isa = PBXBuildFile; fileRef = 6120884429F512B600A9CC4F /* Ubike_Station+CoreDataClass.swift */; };
		6120884929F512B600A9CC4F /* Ubike_Station+CoreDataProperties.swift in Sources */ = {isa = PBXBuildFile; fileRef = 6120884529F512B600A9CC4F /* Ubike_Station+CoreDataProperties.swift */; };
		6120884A29F512B600A9CC4F /* Favorite_Ubike_Station+CoreDataClass.swift in Sources */ = {isa = PBXBuildFile; fileRef = 6120884629F512B600A9CC4F /* Favorite_Ubike_Station+CoreDataClass.swift */; };
		6120884B29F512B600A9CC4F /* Favorite_Ubike_Station+CoreDataProperties.swift in Sources */ = {isa = PBXBuildFile; fileRef = 6120884729F512B600A9CC4F /* Favorite_Ubike_Station+CoreDataProperties.swift */; };
		6124F03B29ED205C00A0301A /* APIInterface.swift in Sources */ = {isa = PBXBuildFile; fileRef = 6124F03A29ED205C00A0301A /* APIInterface.swift */; };
		6124F03E29ED7F4B00A0301A /* GetUBikesInterface.swift in Sources */ = {isa = PBXBuildFile; fileRef = 6124F03D29ED7F4B00A0301A /* GetUBikesInterface.swift */; };
		6124F04329EE440900A0301A /* UbikeStationsRepository.swift in Sources */ = {isa = PBXBuildFile; fileRef = 6124F04229EE440900A0301A /* UbikeStationsRepository.swift */; };
		6124F04529EE453100A0301A /* RemoteDataSourceType.swift in Sources */ = {isa = PBXBuildFile; fileRef = 6124F04429EE453100A0301A /* RemoteDataSourceType.swift */; };
		6124F04929EE4E5000A0301A /* LocalDataSourceType.swift in Sources */ = {isa = PBXBuildFile; fileRef = 6124F04829EE4E5000A0301A /* LocalDataSourceType.swift */; };
		6124F04B29EE4EEC00A0301A /* UbikeStationsRepositoryType.swift in Sources */ = {isa = PBXBuildFile; fileRef = 6124F04A29EE4EEC00A0301A /* UbikeStationsRepositoryType.swift */; };
		6124F04D29EE542000A0301A /* UbikeStation.swift in Sources */ = {isa = PBXBuildFile; fileRef = 6124F04C29EE542000A0301A /* UbikeStation.swift */; };
		6124F05129EE6D7B00A0301A /* UbikeStationModelMapper.swift in Sources */ = {isa = PBXBuildFile; fileRef = 6124F05029EE6D7B00A0301A /* UbikeStationModelMapper.swift */; };
		6124F05329EE75AE00A0301A /* UBikeStationModelMapper+Rx.swift in Sources */ = {isa = PBXBuildFile; fileRef = 6124F05229EE75AE00A0301A /* UBikeStationModelMapper+Rx.swift */; };
		6124F05529EE79C100A0301A /* UserDefaultsService.swift in Sources */ = {isa = PBXBuildFile; fileRef = 6124F05429EE79C100A0301A /* UserDefaultsService.swift */; };
		6124F05929EECF5F00A0301A /* LocalStorageConstants.swift in Sources */ = {isa = PBXBuildFile; fileRef = 6124F05829EECF5F00A0301A /* LocalStorageConstants.swift */; };
		6124F05D29EF11CF00A0301A /* CoreDataServiceType.swift in Sources */ = {isa = PBXBuildFile; fileRef = 6124F05C29EF11CF00A0301A /* CoreDataServiceType.swift */; };
		6124F0FC29EFB14500A0301A /* UBike.xcdatamodeld in Sources */ = {isa = PBXBuildFile; fileRef = 6124F0FA29EFB14500A0301A /* UBike.xcdatamodeld */; };
		6124F21629EFBC9E00A0301A /* UbikeStationCoreDataMapper.swift in Sources */ = {isa = PBXBuildFile; fileRef = 6124F21529EFBC9E00A0301A /* UbikeStationCoreDataMapper.swift */; };
		6130524829F49A0F0064332B /* ToggleButton.swift in Sources */ = {isa = PBXBuildFile; fileRef = 6130524729F49A0F0064332B /* ToggleButton.swift */; };
		6147CE0B2A01893D00895E7D /* UibikeStationBottomSheetStateMapperTests.swift in Sources */ = {isa = PBXBuildFile; fileRef = 6147CE0A2A01893D00895E7D /* UibikeStationBottomSheetStateMapperTests.swift */; };
		615347B329F3D45A00FACB8F /* UbikeStationAnnotationView.swift in Sources */ = {isa = PBXBuildFile; fileRef = 615347B229F3D45900FACB8F /* UbikeStationAnnotationView.swift */; };
		6160BC2829F835FD00209A36 /* AlamofireNetworkServiceType.swift in Sources */ = {isa = PBXBuildFile; fileRef = 6160BC2729F835FD00209A36 /* AlamofireNetworkServiceType.swift */; };
		6160BC2D29F83C5F00209A36 /* StartUpCoordinator.swift in Sources */ = {isa = PBXBuildFile; fileRef = 6160BC2C29F83C5F00209A36 /* StartUpCoordinator.swift */; };
		6160BC2F29F83D9300209A36 /* HomeCoordinator.swift in Sources */ = {isa = PBXBuildFile; fileRef = 6160BC2E29F83D9300209A36 /* HomeCoordinator.swift */; };
		6160BC3129F83DC400209A36 /* HomeCoordinatorType.swift in Sources */ = {isa = PBXBuildFile; fileRef = 6160BC3029F83DC400209A36 /* HomeCoordinatorType.swift */; };
		6160BD4129F84C1600209A36 /* UbikeListCoordinator.swift in Sources */ = {isa = PBXBuildFile; fileRef = 6160BD4029F84C1600209A36 /* UbikeListCoordinator.swift */; };
		61644EF529F6E41700696A05 /* RouteRepository.swift in Sources */ = {isa = PBXBuildFile; fileRef = 61644EF429F6E41700696A05 /* RouteRepository.swift */; };
		6164500529F7751800696A05 /* AppleMapService.swift in Sources */ = {isa = PBXBuildFile; fileRef = 6164500429F7751800696A05 /* AppleMapService.swift */; };
		616F217229F4375A00B88BD3 /* UibikeStationBottomSheetStateMapper.swift in Sources */ = {isa = PBXBuildFile; fileRef = 616F217129F4375A00B88BD3 /* UibikeStationBottomSheetStateMapper.swift */; };
		616F217529F437D100B88BD3 /* UibikeStationBottomSheetState.swift in Sources */ = {isa = PBXBuildFile; fileRef = 616F217429F437D100B88BD3 /* UibikeStationBottomSheetState.swift */; };
		61ACFA4929F9C29000DF0760 /* HomeViewModelTests.swift in Sources */ = {isa = PBXBuildFile; fileRef = 61ACFA4829F9C29000DF0760 /* HomeViewModelTests.swift */; };
		61ACFA4B29F9C34B00DF0760 /* UibikeStationBottomSheetStateMapperType.swift in Sources */ = {isa = PBXBuildFile; fileRef = 61ACFA4A29F9C34B00DF0760 /* UibikeStationBottomSheetStateMapperType.swift */; };
		61ACFA4D29F9C3C600DF0760 /* LocationManagerProxyType.swift in Sources */ = {isa = PBXBuildFile; fileRef = 61ACFA4C29F9C3C600DF0760 /* LocationManagerProxyType.swift */; };
		61ACFA4F29F9C44700DF0760 /* LocationManagerProxyDelegate.swift in Sources */ = {isa = PBXBuildFile; fileRef = 61ACFA4E29F9C44700DF0760 /* LocationManagerProxyDelegate.swift */; };
		61BBC5E629F0F5CA0029B07E /* UBikeStationCoreDataService.swift in Sources */ = {isa = PBXBuildFile; fileRef = 61BBC5E529F0F5CA0029B07E /* UBikeStationCoreDataService.swift */; };
		61BBC5E829F109230029B07E /* UserDefaultsServiceType.swift in Sources */ = {isa = PBXBuildFile; fileRef = 61BBC5E729F109230029B07E /* UserDefaultsServiceType.swift */; };
		61BBC5EA29F10E940029B07E /* UBikeStationCoreDataServiceType.swift in Sources */ = {isa = PBXBuildFile; fileRef = 61BBC5E929F10E940029B07E /* UBikeStationCoreDataServiceType.swift */; };
		61BBC6FB29F17EEF0029B07E /* LocationManagerProxy.swift in Sources */ = {isa = PBXBuildFile; fileRef = 61BBC6FA29F17EEF0029B07E /* LocationManagerProxy.swift */; };
		61BBC80B29F264400029B07E /* Settings.bundle in Resources */ = {isa = PBXBuildFile; fileRef = 61BBC80A29F264400029B07E /* Settings.bundle */; };
/* End PBXBuildFile section */

/* Begin PBXContainerItemProxy section */
		3AD1962F264B73DF000E0BA4 /* PBXContainerItemProxy */ = {
			isa = PBXContainerItemProxy;
			containerPortal = 3AD1960D264B73D6000E0BA4 /* Project object */;
			proxyType = 1;
			remoteGlobalIDString = 3AD19614264B73D7000E0BA4;
			remoteInfo = UBike;
		};
/* End PBXContainerItemProxy section */

/* Begin PBXFileReference section */
		0AE796E7CEF8D622CEBE9422 /* Pods_UBike.framework */ = {isa = PBXFileReference; explicitFileType = wrapper.framework; includeInIndex = 0; path = Pods_UBike.framework; sourceTree = BUILT_PRODUCTS_DIR; };
		3AD19615264B73D7000E0BA4 /* UBike.app */ = {isa = PBXFileReference; explicitFileType = wrapper.application; includeInIndex = 0; path = UBike.app; sourceTree = BUILT_PRODUCTS_DIR; };
		3AD19618264B73D7000E0BA4 /* AppDelegate.swift */ = {isa = PBXFileReference; lastKnownFileType = sourcecode.swift; path = AppDelegate.swift; sourceTree = "<group>"; };
		3AD1961A264B73D7000E0BA4 /* SceneDelegate.swift */ = {isa = PBXFileReference; lastKnownFileType = sourcecode.swift; path = SceneDelegate.swift; sourceTree = "<group>"; };
		3AD1961C264B73D7000E0BA4 /* HomeViewController.swift */ = {isa = PBXFileReference; lastKnownFileType = sourcecode.swift; path = HomeViewController.swift; sourceTree = "<group>"; };
		3AD19624264B73DE000E0BA4 /* Assets.xcassets */ = {isa = PBXFileReference; lastKnownFileType = folder.assetcatalog; path = Assets.xcassets; sourceTree = "<group>"; };
		3AD19627264B73DE000E0BA4 /* Base */ = {isa = PBXFileReference; lastKnownFileType = file.storyboard; name = Base; path = Base.lproj/LaunchScreen.storyboard; sourceTree = "<group>"; };
		3AD19629264B73DE000E0BA4 /* Info.plist */ = {isa = PBXFileReference; lastKnownFileType = text.plist.xml; path = Info.plist; sourceTree = "<group>"; };
		3AD1962E264B73DF000E0BA4 /* UBikeTests.xctest */ = {isa = PBXFileReference; explicitFileType = wrapper.cfbundle; includeInIndex = 0; path = UBikeTests.xctest; sourceTree = BUILT_PRODUCTS_DIR; };
		3AD19634264B73DF000E0BA4 /* Info.plist */ = {isa = PBXFileReference; lastKnownFileType = text.plist.xml; path = Info.plist; sourceTree = "<group>"; };
		3AD1964E264B791C000E0BA4 /* AlamofireNetworkService.swift */ = {isa = PBXFileReference; lastKnownFileType = sourcecode.swift; path = AlamofireNetworkService.swift; sourceTree = "<group>"; };
		3AD19653264B7E63000E0BA4 /* HomeViewModel.swift */ = {isa = PBXFileReference; lastKnownFileType = sourcecode.swift; path = HomeViewModel.swift; sourceTree = "<group>"; };
		3AD19655264B7F1A000E0BA4 /* GetUBikesApiModel.swift */ = {isa = PBXFileReference; lastKnownFileType = sourcecode.swift; path = GetUBikesApiModel.swift; sourceTree = "<group>"; };
		3AD1965D264DA1A1000E0BA4 /* UBikeStationAnnotation.swift */ = {isa = PBXFileReference; lastKnownFileType = sourcecode.swift; path = UBikeStationAnnotation.swift; sourceTree = "<group>"; };
		3AD1965F264DB3A9000E0BA4 /* BorderButton.swift */ = {isa = PBXFileReference; lastKnownFileType = sourcecode.swift; path = BorderButton.swift; sourceTree = "<group>"; };
		3AD19661264ECF84000E0BA4 /* NetworkConstants.swift */ = {isa = PBXFileReference; lastKnownFileType = sourcecode.swift; path = NetworkConstants.swift; sourceTree = "<group>"; };
		3AD19663264EEDA6000E0BA4 /* RoundedRectangleShadowButton.swift */ = {isa = PBXFileReference; lastKnownFileType = sourcecode.swift; path = RoundedRectangleShadowButton.swift; sourceTree = "<group>"; };
		5D0E5A7A48A4F0F2DA7A6EB8 /* Pods-UBike.release.xcconfig */ = {isa = PBXFileReference; includeInIndex = 1; lastKnownFileType = text.xcconfig; name = "Pods-UBike.release.xcconfig"; path = "Target Support Files/Pods-UBike/Pods-UBike.release.xcconfig"; sourceTree = "<group>"; };
		6120884429F512B600A9CC4F /* Ubike_Station+CoreDataClass.swift */ = {isa = PBXFileReference; lastKnownFileType = sourcecode.swift; path = "Ubike_Station+CoreDataClass.swift"; sourceTree = SOURCE_ROOT; };
		6120884529F512B600A9CC4F /* Ubike_Station+CoreDataProperties.swift */ = {isa = PBXFileReference; lastKnownFileType = sourcecode.swift; path = "Ubike_Station+CoreDataProperties.swift"; sourceTree = SOURCE_ROOT; };
		6120884629F512B600A9CC4F /* Favorite_Ubike_Station+CoreDataClass.swift */ = {isa = PBXFileReference; lastKnownFileType = sourcecode.swift; path = "Favorite_Ubike_Station+CoreDataClass.swift"; sourceTree = SOURCE_ROOT; };
		6120884729F512B600A9CC4F /* Favorite_Ubike_Station+CoreDataProperties.swift */ = {isa = PBXFileReference; lastKnownFileType = sourcecode.swift; path = "Favorite_Ubike_Station+CoreDataProperties.swift"; sourceTree = SOURCE_ROOT; };
		6124F03A29ED205C00A0301A /* APIInterface.swift */ = {isa = PBXFileReference; lastKnownFileType = sourcecode.swift; path = APIInterface.swift; sourceTree = "<group>"; };
		6124F03D29ED7F4B00A0301A /* GetUBikesInterface.swift */ = {isa = PBXFileReference; lastKnownFileType = sourcecode.swift; path = GetUBikesInterface.swift; sourceTree = "<group>"; };
		6124F04229EE440900A0301A /* UbikeStationsRepository.swift */ = {isa = PBXFileReference; lastKnownFileType = sourcecode.swift; path = UbikeStationsRepository.swift; sourceTree = "<group>"; };
		6124F04429EE453100A0301A /* RemoteDataSourceType.swift */ = {isa = PBXFileReference; lastKnownFileType = sourcecode.swift; path = RemoteDataSourceType.swift; sourceTree = "<group>"; };
		6124F04829EE4E5000A0301A /* LocalDataSourceType.swift */ = {isa = PBXFileReference; lastKnownFileType = sourcecode.swift; path = LocalDataSourceType.swift; sourceTree = "<group>"; };
		6124F04A29EE4EEC00A0301A /* UbikeStationsRepositoryType.swift */ = {isa = PBXFileReference; lastKnownFileType = sourcecode.swift; path = UbikeStationsRepositoryType.swift; sourceTree = "<group>"; };
		6124F04C29EE542000A0301A /* UbikeStation.swift */ = {isa = PBXFileReference; lastKnownFileType = sourcecode.swift; path = UbikeStation.swift; sourceTree = "<group>"; };
		6124F05029EE6D7B00A0301A /* UbikeStationModelMapper.swift */ = {isa = PBXFileReference; lastKnownFileType = sourcecode.swift; path = UbikeStationModelMapper.swift; sourceTree = "<group>"; };
		6124F05229EE75AE00A0301A /* UBikeStationModelMapper+Rx.swift */ = {isa = PBXFileReference; lastKnownFileType = sourcecode.swift; path = "UBikeStationModelMapper+Rx.swift"; sourceTree = "<group>"; };
		6124F05429EE79C100A0301A /* UserDefaultsService.swift */ = {isa = PBXFileReference; lastKnownFileType = sourcecode.swift; path = UserDefaultsService.swift; sourceTree = "<group>"; };
		6124F05829EECF5F00A0301A /* LocalStorageConstants.swift */ = {isa = PBXFileReference; lastKnownFileType = sourcecode.swift; path = LocalStorageConstants.swift; sourceTree = "<group>"; };
		6124F05C29EF11CF00A0301A /* CoreDataServiceType.swift */ = {isa = PBXFileReference; lastKnownFileType = sourcecode.swift; path = CoreDataServiceType.swift; sourceTree = "<group>"; };
		6124F0FB29EFB14500A0301A /* UBike.xcdatamodel */ = {isa = PBXFileReference; lastKnownFileType = wrapper.xcdatamodel; path = UBike.xcdatamodel; sourceTree = "<group>"; };
		6124F21529EFBC9E00A0301A /* UbikeStationCoreDataMapper.swift */ = {isa = PBXFileReference; lastKnownFileType = sourcecode.swift; path = UbikeStationCoreDataMapper.swift; sourceTree = "<group>"; };
		6130524729F49A0F0064332B /* ToggleButton.swift */ = {isa = PBXFileReference; lastKnownFileType = sourcecode.swift; path = ToggleButton.swift; sourceTree = "<group>"; };
		6147CE0A2A01893D00895E7D /* UibikeStationBottomSheetStateMapperTests.swift */ = {isa = PBXFileReference; lastKnownFileType = sourcecode.swift; path = UibikeStationBottomSheetStateMapperTests.swift; sourceTree = "<group>"; };
		615347B229F3D45900FACB8F /* UbikeStationAnnotationView.swift */ = {isa = PBXFileReference; lastKnownFileType = sourcecode.swift; path = UbikeStationAnnotationView.swift; sourceTree = "<group>"; };
		6160BC2729F835FD00209A36 /* AlamofireNetworkServiceType.swift */ = {isa = PBXFileReference; lastKnownFileType = sourcecode.swift; path = AlamofireNetworkServiceType.swift; sourceTree = "<group>"; };
		6160BC2C29F83C5F00209A36 /* StartUpCoordinator.swift */ = {isa = PBXFileReference; lastKnownFileType = sourcecode.swift; path = StartUpCoordinator.swift; sourceTree = "<group>"; };
		6160BC2E29F83D9300209A36 /* HomeCoordinator.swift */ = {isa = PBXFileReference; lastKnownFileType = sourcecode.swift; path = HomeCoordinator.swift; sourceTree = "<group>"; };
		6160BC3029F83DC400209A36 /* HomeCoordinatorType.swift */ = {isa = PBXFileReference; lastKnownFileType = sourcecode.swift; path = HomeCoordinatorType.swift; sourceTree = "<group>"; };
		6160BD4029F84C1600209A36 /* UbikeListCoordinator.swift */ = {isa = PBXFileReference; lastKnownFileType = sourcecode.swift; path = UbikeListCoordinator.swift; sourceTree = "<group>"; };
		61644EF429F6E41700696A05 /* RouteRepository.swift */ = {isa = PBXFileReference; lastKnownFileType = sourcecode.swift; path = RouteRepository.swift; sourceTree = "<group>"; };
		6164500429F7751800696A05 /* AppleMapService.swift */ = {isa = PBXFileReference; lastKnownFileType = sourcecode.swift; path = AppleMapService.swift; sourceTree = "<group>"; };
		616F217129F4375A00B88BD3 /* UibikeStationBottomSheetStateMapper.swift */ = {isa = PBXFileReference; lastKnownFileType = sourcecode.swift; path = UibikeStationBottomSheetStateMapper.swift; sourceTree = "<group>"; };
		616F217429F437D100B88BD3 /* UibikeStationBottomSheetState.swift */ = {isa = PBXFileReference; lastKnownFileType = sourcecode.swift; path = UibikeStationBottomSheetState.swift; sourceTree = "<group>"; };
		61ACFA4829F9C29000DF0760 /* HomeViewModelTests.swift */ = {isa = PBXFileReference; lastKnownFileType = sourcecode.swift; path = HomeViewModelTests.swift; sourceTree = "<group>"; };
		61ACFA4A29F9C34B00DF0760 /* UibikeStationBottomSheetStateMapperType.swift */ = {isa = PBXFileReference; lastKnownFileType = sourcecode.swift; path = UibikeStationBottomSheetStateMapperType.swift; sourceTree = "<group>"; };
		61ACFA4C29F9C3C600DF0760 /* LocationManagerProxyType.swift */ = {isa = PBXFileReference; lastKnownFileType = sourcecode.swift; path = LocationManagerProxyType.swift; sourceTree = "<group>"; };
		61ACFA4E29F9C44700DF0760 /* LocationManagerProxyDelegate.swift */ = {isa = PBXFileReference; lastKnownFileType = sourcecode.swift; path = LocationManagerProxyDelegate.swift; sourceTree = "<group>"; };
		61BBC5E529F0F5CA0029B07E /* UBikeStationCoreDataService.swift */ = {isa = PBXFileReference; lastKnownFileType = sourcecode.swift; path = UBikeStationCoreDataService.swift; sourceTree = "<group>"; };
		61BBC5E729F109230029B07E /* UserDefaultsServiceType.swift */ = {isa = PBXFileReference; lastKnownFileType = sourcecode.swift; path = UserDefaultsServiceType.swift; sourceTree = "<group>"; };
		61BBC5E929F10E940029B07E /* UBikeStationCoreDataServiceType.swift */ = {isa = PBXFileReference; lastKnownFileType = sourcecode.swift; path = UBikeStationCoreDataServiceType.swift; sourceTree = "<group>"; };
		61BBC6FA29F17EEF0029B07E /* LocationManagerProxy.swift */ = {isa = PBXFileReference; lastKnownFileType = sourcecode.swift; path = LocationManagerProxy.swift; sourceTree = "<group>"; };
		61BBC80A29F264400029B07E /* Settings.bundle */ = {isa = PBXFileReference; lastKnownFileType = "wrapper.plug-in"; path = Settings.bundle; sourceTree = "<group>"; };
		61ED233629D898E50018EDF2 /* TaiwanLocation.gpx */ = {isa = PBXFileReference; lastKnownFileType = text.xml; path = TaiwanLocation.gpx; sourceTree = "<group>"; };
		72E0739BB1C1959D451C5CA4 /* Pods-UBike-UBikeUITests.debug.xcconfig */ = {isa = PBXFileReference; includeInIndex = 1; lastKnownFileType = text.xcconfig; name = "Pods-UBike-UBikeUITests.debug.xcconfig"; path = "Target Support Files/Pods-UBike-UBikeUITests/Pods-UBike-UBikeUITests.debug.xcconfig"; sourceTree = "<group>"; };
		8D23C74852C1AEBA037E5396 /* Pods-UBikeTests.release.xcconfig */ = {isa = PBXFileReference; includeInIndex = 1; lastKnownFileType = text.xcconfig; name = "Pods-UBikeTests.release.xcconfig"; path = "Target Support Files/Pods-UBikeTests/Pods-UBikeTests.release.xcconfig"; sourceTree = "<group>"; };
		9FDE8ECB29A97431BC186D50 /* Pods_UBike_UBikeUITests.framework */ = {isa = PBXFileReference; explicitFileType = wrapper.framework; includeInIndex = 0; path = Pods_UBike_UBikeUITests.framework; sourceTree = BUILT_PRODUCTS_DIR; };
		B47E696C4077EDA55E829A95 /* Pods_UBikeTests.framework */ = {isa = PBXFileReference; explicitFileType = wrapper.framework; includeInIndex = 0; path = Pods_UBikeTests.framework; sourceTree = BUILT_PRODUCTS_DIR; };
		EFC3567F8368AEFB2E000F34 /* Pods-UBike.debug.xcconfig */ = {isa = PBXFileReference; includeInIndex = 1; lastKnownFileType = text.xcconfig; name = "Pods-UBike.debug.xcconfig"; path = "Target Support Files/Pods-UBike/Pods-UBike.debug.xcconfig"; sourceTree = "<group>"; };
		F071FBF07277956C10CC0595 /* Pods-UBikeTests.debug.xcconfig */ = {isa = PBXFileReference; includeInIndex = 1; lastKnownFileType = text.xcconfig; name = "Pods-UBikeTests.debug.xcconfig"; path = "Target Support Files/Pods-UBikeTests/Pods-UBikeTests.debug.xcconfig"; sourceTree = "<group>"; };
		FC6A3EDE4AA400B560947CE1 /* Pods-UBike-UBikeUITests.release.xcconfig */ = {isa = PBXFileReference; includeInIndex = 1; lastKnownFileType = text.xcconfig; name = "Pods-UBike-UBikeUITests.release.xcconfig"; path = "Target Support Files/Pods-UBike-UBikeUITests/Pods-UBike-UBikeUITests.release.xcconfig"; sourceTree = "<group>"; };
/* End PBXFileReference section */

/* Begin PBXFrameworksBuildPhase section */
		3AD19612264B73D7000E0BA4 /* Frameworks */ = {
			isa = PBXFrameworksBuildPhase;
			buildActionMask = 2147483647;
			files = (
				19805C94F613F6BB33AA1F40 /* Pods_UBike.framework in Frameworks */,
			);
			runOnlyForDeploymentPostprocessing = 0;
		};
		3AD1962B264B73DF000E0BA4 /* Frameworks */ = {
			isa = PBXFrameworksBuildPhase;
			buildActionMask = 2147483647;
			files = (
				4B4F4CC638E34C8CABBED353 /* Pods_UBikeTests.framework in Frameworks */,
			);
			runOnlyForDeploymentPostprocessing = 0;
		};
/* End PBXFrameworksBuildPhase section */

/* Begin PBXGroup section */
		3AD1960C264B73D6000E0BA4 = {
			isa = PBXGroup;
			children = (
				3AD19617264B73D7000E0BA4 /* UBike */,
				3AD19631264B73DF000E0BA4 /* UBikeTests */,
				3AD19616264B73D7000E0BA4 /* Products */,
				EC29779872D267C4FE195B14 /* Pods */,
				C72CD4F6A566EAB178C39BD2 /* Frameworks */,
			);
			sourceTree = "<group>";
		};
		3AD19616264B73D7000E0BA4 /* Products */ = {
			isa = PBXGroup;
			children = (
				3AD19615264B73D7000E0BA4 /* UBike.app */,
				3AD1962E264B73DF000E0BA4 /* UBikeTests.xctest */,
			);
			name = Products;
			sourceTree = "<group>";
		};
		3AD19617264B73D7000E0BA4 /* UBike */ = {
			isa = PBXGroup;
			children = (
				6160BC2B29F83C4500209A36 /* Coordinator */,
				6124F05629EE7EA000A0301A /* LocalStorage */,
				6124F04029EDA8DA00A0301A /* Network */,
				613039B229ED0DD700A060B2 /* Modules */,
				3AD1964C264B768A000E0BA4 /* Repository */,
				613039B129ED0D5400A060B2 /* Resources */,
				613039B529ED0F1100A060B2 /* Utility */,
				3AD19618264B73D7000E0BA4 /* AppDelegate.swift */,
				3AD1961A264B73D7000E0BA4 /* SceneDelegate.swift */,
				3AD19624264B73DE000E0BA4 /* Assets.xcassets */,
				3AD19626264B73DE000E0BA4 /* LaunchScreen.storyboard */,
				3AD19629264B73DE000E0BA4 /* Info.plist */,
			);
			path = UBike;
			sourceTree = "<group>";
		};
		3AD19631264B73DF000E0BA4 /* UBikeTests */ = {
			isa = PBXGroup;
			children = (
				61ACFA5029F9C49100DF0760 /* Modules */,
				3AD19634264B73DF000E0BA4 /* Info.plist */,
			);
			path = UBikeTests;
			sourceTree = "<group>";
		};
		3AD1964C264B768A000E0BA4 /* Repository */ = {
			isa = PBXGroup;
			children = (
				6124F04F29EE6D6D00A0301A /* Mapper */,
				6124F04E29EE542600A0301A /* Model */,
				6124F04229EE440900A0301A /* UbikeStationsRepository.swift */,
				6124F04A29EE4EEC00A0301A /* UbikeStationsRepositoryType.swift */,
				61644EF429F6E41700696A05 /* RouteRepository.swift */,
			);
			path = Repository;
			sourceTree = "<group>";
		};
		6124F03C29ED7DEE00A0301A /* ApiInterface */ = {
			isa = PBXGroup;
			children = (
				6124F03A29ED205C00A0301A /* APIInterface.swift */,
				6124F03D29ED7F4B00A0301A /* GetUBikesInterface.swift */,
			);
			path = ApiInterface;
			sourceTree = "<group>";
		};
		6124F04029EDA8DA00A0301A /* Network */ = {
			isa = PBXGroup;
			children = (
				6160BC2A29F8373300209A36 /* Apple */,
				6160BC2929F8371300209A36 /* Alamofire */,
				3AD19661264ECF84000E0BA4 /* NetworkConstants.swift */,
				6124F04429EE453100A0301A /* RemoteDataSourceType.swift */,
			);
			path = Network;
			sourceTree = "<group>";
		};
		6124F04129EDAA2400A0301A /* ApiModel */ = {
			isa = PBXGroup;
			children = (
				3AD19655264B7F1A000E0BA4 /* GetUBikesApiModel.swift */,
			);
			path = ApiModel;
			sourceTree = "<group>";
		};
		6124F04E29EE542600A0301A /* Model */ = {
			isa = PBXGroup;
			children = (
				6124F04C29EE542000A0301A /* UbikeStation.swift */,
			);
			path = Model;
			sourceTree = "<group>";
		};
		6124F04F29EE6D6D00A0301A /* Mapper */ = {
			isa = PBXGroup;
			children = (
				6124F05029EE6D7B00A0301A /* UbikeStationModelMapper.swift */,
				6124F05229EE75AE00A0301A /* UBikeStationModelMapper+Rx.swift */,
			);
			path = Mapper;
			sourceTree = "<group>";
		};
		6124F05629EE7EA000A0301A /* LocalStorage */ = {
			isa = PBXGroup;
			children = (
				6124F0F929EFB12E00A0301A /* CoreData */,
				6124F05729EE873F00A0301A /* UserDefaults */,
				6124F05829EECF5F00A0301A /* LocalStorageConstants.swift */,
				6124F04829EE4E5000A0301A /* LocalDataSourceType.swift */,
			);
			path = LocalStorage;
			sourceTree = "<group>";
		};
		6124F05729EE873F00A0301A /* UserDefaults */ = {
			isa = PBXGroup;
			children = (
				6124F05429EE79C100A0301A /* UserDefaultsService.swift */,
				61BBC5E729F109230029B07E /* UserDefaultsServiceType.swift */,
			);
			path = UserDefaults;
			sourceTree = "<group>";
		};
		6124F0F929EFB12E00A0301A /* CoreData */ = {
			isa = PBXGroup;
			children = (
				6124F10529EFB2A600A0301A /* Entity */,
				6124F10629EFB2E400A0301A /* Mapper */,
				61BBC5E429F0F5BF0029B07E /* Service */,
				6124F05C29EF11CF00A0301A /* CoreDataServiceType.swift */,
				6124F0FA29EFB14500A0301A /* UBike.xcdatamodeld */,
			);
			path = CoreData;
			sourceTree = "<group>";
		};
		6124F10529EFB2A600A0301A /* Entity */ = {
			isa = PBXGroup;
			children = (
				6120884429F512B600A9CC4F /* Ubike_Station+CoreDataClass.swift */,
				6120884529F512B600A9CC4F /* Ubike_Station+CoreDataProperties.swift */,
				6120884629F512B600A9CC4F /* Favorite_Ubike_Station+CoreDataClass.swift */,
				6120884729F512B600A9CC4F /* Favorite_Ubike_Station+CoreDataProperties.swift */,
			);
			path = Entity;
			sourceTree = "<group>";
		};
		6124F10629EFB2E400A0301A /* Mapper */ = {
			isa = PBXGroup;
			children = (
				6124F21529EFBC9E00A0301A /* UbikeStationCoreDataMapper.swift */,
			);
			path = Mapper;
			sourceTree = "<group>";
		};
		613039B129ED0D5400A060B2 /* Resources */ = {
			isa = PBXGroup;
			children = (
				61ED233629D898E50018EDF2 /* TaiwanLocation.gpx */,
				61BBC80A29F264400029B07E /* Settings.bundle */,
			);
			path = Resources;
			sourceTree = "<group>";
		};
		613039B229ED0DD700A060B2 /* Modules */ = {
			isa = PBXGroup;
			children = (
				613039B329ED0E0C00A060B2 /* Home */,
			);
			path = Modules;
			sourceTree = "<group>";
		};
		613039B329ED0E0C00A060B2 /* Home */ = {
			isa = PBXGroup;
			children = (
				61ACF71829F9541A00DF0760 /* View */,
				616F217329F437C900B88BD3 /* ViewObject */,
				616F217029F4370600B88BD3 /* Mapper */,
				3AD19653264B7E63000E0BA4 /* HomeViewModel.swift */,
				6160BC3029F83DC400209A36 /* HomeCoordinatorType.swift */,
			);
			path = Home;
			sourceTree = "<group>";
		};
		613039B529ED0F1100A060B2 /* Utility */ = {
			isa = PBXGroup;
			children = (
				61BBC6F929F17EDA0029B07E /* Location */,
				613039B629ED0F4000A060B2 /* Views */,
			);
			path = Utility;
			sourceTree = "<group>";
		};
		613039B629ED0F4000A060B2 /* Views */ = {
			isa = PBXGroup;
			children = (
				6130524729F49A0F0064332B /* ToggleButton.swift */,
				3AD19663264EEDA6000E0BA4 /* RoundedRectangleShadowButton.swift */,
				3AD1965F264DB3A9000E0BA4 /* BorderButton.swift */,
			);
			path = Views;
			sourceTree = "<group>";
		};
		6147CE092A01892C00895E7D /* Mapper */ = {
			isa = PBXGroup;
			children = (
				6147CE0A2A01893D00895E7D /* UibikeStationBottomSheetStateMapperTests.swift */,
			);
			path = Mapper;
			sourceTree = "<group>";
		};
		6160BC2929F8371300209A36 /* Alamofire */ = {
			isa = PBXGroup;
			children = (
				6124F04129EDAA2400A0301A /* ApiModel */,
				6124F03C29ED7DEE00A0301A /* ApiInterface */,
				3AD1964E264B791C000E0BA4 /* AlamofireNetworkService.swift */,
				6160BC2729F835FD00209A36 /* AlamofireNetworkServiceType.swift */,
			);
			path = Alamofire;
			sourceTree = "<group>";
		};
		6160BC2A29F8373300209A36 /* Apple */ = {
			isa = PBXGroup;
			children = (
				6164500429F7751800696A05 /* AppleMapService.swift */,
			);
			path = Apple;
			sourceTree = "<group>";
		};
		6160BC2B29F83C4500209A36 /* Coordinator */ = {
			isa = PBXGroup;
			children = (
				6160BC2C29F83C5F00209A36 /* StartUpCoordinator.swift */,
				6160BC2E29F83D9300209A36 /* HomeCoordinator.swift */,
				6160BD4029F84C1600209A36 /* UbikeListCoordinator.swift */,
			);
			path = Coordinator;
			sourceTree = "<group>";
		};
		616F217029F4370600B88BD3 /* Mapper */ = {
			isa = PBXGroup;
			children = (
				616F217129F4375A00B88BD3 /* UibikeStationBottomSheetStateMapper.swift */,
				61ACFA4A29F9C34B00DF0760 /* UibikeStationBottomSheetStateMapperType.swift */,
			);
			path = Mapper;
			sourceTree = "<group>";
		};
		616F217329F437C900B88BD3 /* ViewObject */ = {
			isa = PBXGroup;
			children = (
				616F217429F437D100B88BD3 /* UibikeStationBottomSheetState.swift */,
			);
			path = ViewObject;
			sourceTree = "<group>";
		};
		61ACF71829F9541A00DF0760 /* View */ = {
			isa = PBXGroup;
			children = (
				3AD1961C264B73D7000E0BA4 /* HomeViewController.swift */,
				3AD1965D264DA1A1000E0BA4 /* UBikeStationAnnotation.swift */,
				615347B229F3D45900FACB8F /* UbikeStationAnnotationView.swift */,
			);
			path = View;
			sourceTree = "<group>";
		};
		61ACFA5029F9C49100DF0760 /* Modules */ = {
			isa = PBXGroup;
			children = (
				61ACFA5129F9C49800DF0760 /* Home */,
			);
			path = Modules;
			sourceTree = "<group>";
		};
		61ACFA5129F9C49800DF0760 /* Home */ = {
			isa = PBXGroup;
			children = (
				6147CE092A01892C00895E7D /* Mapper */,
				61ACFA4829F9C29000DF0760 /* HomeViewModelTests.swift */,
			);
			path = Home;
			sourceTree = "<group>";
		};
		61BBC5E429F0F5BF0029B07E /* Service */ = {
			isa = PBXGroup;
			children = (
				61BBC5E529F0F5CA0029B07E /* UBikeStationCoreDataService.swift */,
				61BBC5E929F10E940029B07E /* UBikeStationCoreDataServiceType.swift */,
			);
			path = Service;
			sourceTree = "<group>";
		};
		61BBC6F929F17EDA0029B07E /* Location */ = {
			isa = PBXGroup;
			children = (
				61BBC6FA29F17EEF0029B07E /* LocationManagerProxy.swift */,
				61ACFA4C29F9C3C600DF0760 /* LocationManagerProxyType.swift */,
				61ACFA4E29F9C44700DF0760 /* LocationManagerProxyDelegate.swift */,
			);
			path = Location;
			sourceTree = "<group>";
		};
		C72CD4F6A566EAB178C39BD2 /* Frameworks */ = {
			isa = PBXGroup;
			children = (
				0AE796E7CEF8D622CEBE9422 /* Pods_UBike.framework */,
				9FDE8ECB29A97431BC186D50 /* Pods_UBike_UBikeUITests.framework */,
				B47E696C4077EDA55E829A95 /* Pods_UBikeTests.framework */,
			);
			name = Frameworks;
			sourceTree = "<group>";
		};
		EC29779872D267C4FE195B14 /* Pods */ = {
			isa = PBXGroup;
			children = (
				EFC3567F8368AEFB2E000F34 /* Pods-UBike.debug.xcconfig */,
				5D0E5A7A48A4F0F2DA7A6EB8 /* Pods-UBike.release.xcconfig */,
				72E0739BB1C1959D451C5CA4 /* Pods-UBike-UBikeUITests.debug.xcconfig */,
				FC6A3EDE4AA400B560947CE1 /* Pods-UBike-UBikeUITests.release.xcconfig */,
				F071FBF07277956C10CC0595 /* Pods-UBikeTests.debug.xcconfig */,
				8D23C74852C1AEBA037E5396 /* Pods-UBikeTests.release.xcconfig */,
			);
			path = Pods;
			sourceTree = "<group>";
		};
/* End PBXGroup section */

/* Begin PBXNativeTarget section */
		3AD19614264B73D7000E0BA4 /* UBike */ = {
			isa = PBXNativeTarget;
			buildConfigurationList = 3AD19642264B73DF000E0BA4 /* Build configuration list for PBXNativeTarget "UBike" */;
			buildPhases = (
				A4835C3F3555FED7F6B5C92A /* [CP] Check Pods Manifest.lock */,
				3AD19611264B73D7000E0BA4 /* Sources */,
				3AD19612264B73D7000E0BA4 /* Frameworks */,
				3AD19613264B73D7000E0BA4 /* Resources */,
				422A114392C498E89557A41B /* [CP] Embed Pods Frameworks */,
			);
			buildRules = (
			);
			dependencies = (
			);
			name = UBike;
			productName = UBike;
			productReference = 3AD19615264B73D7000E0BA4 /* UBike.app */;
			productType = "com.apple.product-type.application";
		};
		3AD1962D264B73DF000E0BA4 /* UBikeTests */ = {
			isa = PBXNativeTarget;
			buildConfigurationList = 3AD19645264B73DF000E0BA4 /* Build configuration list for PBXNativeTarget "UBikeTests" */;
			buildPhases = (
				FC7D7DD6B79F06008A32E1AB /* [CP] Check Pods Manifest.lock */,
				3AD1962A264B73DF000E0BA4 /* Sources */,
				3AD1962B264B73DF000E0BA4 /* Frameworks */,
				3AD1962C264B73DF000E0BA4 /* Resources */,
				869062E547C961153FE4D7AC /* [CP] Embed Pods Frameworks */,
			);
			buildRules = (
			);
			dependencies = (
				3AD19630264B73DF000E0BA4 /* PBXTargetDependency */,
			);
			name = UBikeTests;
			productName = UBikeTests;
			productReference = 3AD1962E264B73DF000E0BA4 /* UBikeTests.xctest */;
			productType = "com.apple.product-type.bundle.unit-test";
		};
/* End PBXNativeTarget section */

/* Begin PBXProject section */
		3AD1960D264B73D6000E0BA4 /* Project object */ = {
			isa = PBXProject;
			attributes = {
				LastSwiftUpdateCheck = 1250;
				LastUpgradeCheck = 1250;
				TargetAttributes = {
					3AD19614264B73D7000E0BA4 = {
						CreatedOnToolsVersion = 12.5;
					};
					3AD1962D264B73DF000E0BA4 = {
						CreatedOnToolsVersion = 12.5;
						LastSwiftMigration = 1420;
						TestTargetID = 3AD19614264B73D7000E0BA4;
					};
				};
			};
			buildConfigurationList = 3AD19610264B73D6000E0BA4 /* Build configuration list for PBXProject "UBike" */;
			compatibilityVersion = "Xcode 9.3";
			developmentRegion = en;
			hasScannedForEncodings = 0;
			knownRegions = (
				en,
				Base,
			);
			mainGroup = 3AD1960C264B73D6000E0BA4;
			productRefGroup = 3AD19616264B73D7000E0BA4 /* Products */;
			projectDirPath = "";
			projectRoot = "";
			targets = (
				3AD19614264B73D7000E0BA4 /* UBike */,
				3AD1962D264B73DF000E0BA4 /* UBikeTests */,
			);
		};
/* End PBXProject section */

/* Begin PBXResourcesBuildPhase section */
		3AD19613264B73D7000E0BA4 /* Resources */ = {
			isa = PBXResourcesBuildPhase;
			buildActionMask = 2147483647;
			files = (
				61BBC80B29F264400029B07E /* Settings.bundle in Resources */,
				3AD19628264B73DE000E0BA4 /* LaunchScreen.storyboard in Resources */,
				3AD19625264B73DE000E0BA4 /* Assets.xcassets in Resources */,
			);
			runOnlyForDeploymentPostprocessing = 0;
		};
		3AD1962C264B73DF000E0BA4 /* Resources */ = {
			isa = PBXResourcesBuildPhase;
			buildActionMask = 2147483647;
			files = (
			);
			runOnlyForDeploymentPostprocessing = 0;
		};
/* End PBXResourcesBuildPhase section */

/* Begin PBXShellScriptBuildPhase section */
		422A114392C498E89557A41B /* [CP] Embed Pods Frameworks */ = {
			isa = PBXShellScriptBuildPhase;
			buildActionMask = 2147483647;
			files = (
			);
			inputFileListPaths = (
				"${PODS_ROOT}/Target Support Files/Pods-UBike/Pods-UBike-frameworks-${CONFIGURATION}-input-files.xcfilelist",
			);
			name = "[CP] Embed Pods Frameworks";
			outputFileListPaths = (
				"${PODS_ROOT}/Target Support Files/Pods-UBike/Pods-UBike-frameworks-${CONFIGURATION}-output-files.xcfilelist",
			);
			runOnlyForDeploymentPostprocessing = 0;
			shellPath = /bin/sh;
			shellScript = "\"${PODS_ROOT}/Target Support Files/Pods-UBike/Pods-UBike-frameworks.sh\"\n";
			showEnvVarsInLog = 0;
		};
		869062E547C961153FE4D7AC /* [CP] Embed Pods Frameworks */ = {
			isa = PBXShellScriptBuildPhase;
			buildActionMask = 2147483647;
			files = (
			);
			inputFileListPaths = (
				"${PODS_ROOT}/Target Support Files/Pods-UBikeTests/Pods-UBikeTests-frameworks-${CONFIGURATION}-input-files.xcfilelist",
			);
			name = "[CP] Embed Pods Frameworks";
			outputFileListPaths = (
				"${PODS_ROOT}/Target Support Files/Pods-UBikeTests/Pods-UBikeTests-frameworks-${CONFIGURATION}-output-files.xcfilelist",
			);
			runOnlyForDeploymentPostprocessing = 0;
			shellPath = /bin/sh;
			shellScript = "\"${PODS_ROOT}/Target Support Files/Pods-UBikeTests/Pods-UBikeTests-frameworks.sh\"\n";
			showEnvVarsInLog = 0;
		};
		A4835C3F3555FED7F6B5C92A /* [CP] Check Pods Manifest.lock */ = {
			isa = PBXShellScriptBuildPhase;
			buildActionMask = 2147483647;
			files = (
			);
			inputFileListPaths = (
			);
			inputPaths = (
				"${PODS_PODFILE_DIR_PATH}/Podfile.lock",
				"${PODS_ROOT}/Manifest.lock",
			);
			name = "[CP] Check Pods Manifest.lock";
			outputFileListPaths = (
			);
			outputPaths = (
				"$(DERIVED_FILE_DIR)/Pods-UBike-checkManifestLockResult.txt",
			);
			runOnlyForDeploymentPostprocessing = 0;
			shellPath = /bin/sh;
			shellScript = "diff \"${PODS_PODFILE_DIR_PATH}/Podfile.lock\" \"${PODS_ROOT}/Manifest.lock\" > /dev/null\nif [ $? != 0 ] ; then\n    # print error to STDERR\n    echo \"error: The sandbox is not in sync with the Podfile.lock. Run 'pod install' or update your CocoaPods installation.\" >&2\n    exit 1\nfi\n# This output is used by Xcode 'outputs' to avoid re-running this script phase.\necho \"SUCCESS\" > \"${SCRIPT_OUTPUT_FILE_0}\"\n";
			showEnvVarsInLog = 0;
		};
		FC7D7DD6B79F06008A32E1AB /* [CP] Check Pods Manifest.lock */ = {
			isa = PBXShellScriptBuildPhase;
			buildActionMask = 2147483647;
			files = (
			);
			inputFileListPaths = (
			);
			inputPaths = (
				"${PODS_PODFILE_DIR_PATH}/Podfile.lock",
				"${PODS_ROOT}/Manifest.lock",
			);
			name = "[CP] Check Pods Manifest.lock";
			outputFileListPaths = (
			);
			outputPaths = (
				"$(DERIVED_FILE_DIR)/Pods-UBikeTests-checkManifestLockResult.txt",
			);
			runOnlyForDeploymentPostprocessing = 0;
			shellPath = /bin/sh;
			shellScript = "diff \"${PODS_PODFILE_DIR_PATH}/Podfile.lock\" \"${PODS_ROOT}/Manifest.lock\" > /dev/null\nif [ $? != 0 ] ; then\n    # print error to STDERR\n    echo \"error: The sandbox is not in sync with the Podfile.lock. Run 'pod install' or update your CocoaPods installation.\" >&2\n    exit 1\nfi\n# This output is used by Xcode 'outputs' to avoid re-running this script phase.\necho \"SUCCESS\" > \"${SCRIPT_OUTPUT_FILE_0}\"\n";
			showEnvVarsInLog = 0;
		};
/* End PBXShellScriptBuildPhase section */

/* Begin PBXSourcesBuildPhase section */
		3AD19611264B73D7000E0BA4 /* Sources */ = {
			isa = PBXSourcesBuildPhase;
			buildActionMask = 2147483647;
			files = (
				61BBC5EA29F10E940029B07E /* UBikeStationCoreDataServiceType.swift in Sources */,
				615347B329F3D45A00FACB8F /* UbikeStationAnnotationView.swift in Sources */,
				6120884A29F512B600A9CC4F /* Favorite_Ubike_Station+CoreDataClass.swift in Sources */,
				6160BC2F29F83D9300209A36 /* HomeCoordinator.swift in Sources */,
				6124F21629EFBC9E00A0301A /* UbikeStationCoreDataMapper.swift in Sources */,
				6160BC2D29F83C5F00209A36 /* StartUpCoordinator.swift in Sources */,
				3AD1961D264B73D7000E0BA4 /* HomeViewController.swift in Sources */,
				6124F04929EE4E5000A0301A /* LocalDataSourceType.swift in Sources */,
				6160BD4129F84C1600209A36 /* UbikeListCoordinator.swift in Sources */,
				61BBC5E629F0F5CA0029B07E /* UBikeStationCoreDataService.swift in Sources */,
				3AD19654264B7E63000E0BA4 /* HomeViewModel.swift in Sources */,
				6124F05129EE6D7B00A0301A /* UbikeStationModelMapper.swift in Sources */,
				616F217229F4375A00B88BD3 /* UibikeStationBottomSheetStateMapper.swift in Sources */,
				6124F05329EE75AE00A0301A /* UBikeStationModelMapper+Rx.swift in Sources */,
				3AD19619264B73D7000E0BA4 /* AppDelegate.swift in Sources */,
				61644EF529F6E41700696A05 /* RouteRepository.swift in Sources */,
				6120884929F512B600A9CC4F /* Ubike_Station+CoreDataProperties.swift in Sources */,
				6120884829F512B600A9CC4F /* Ubike_Station+CoreDataClass.swift in Sources */,
				61ACFA4F29F9C44700DF0760 /* LocationManagerProxyDelegate.swift in Sources */,
				6130524829F49A0F0064332B /* ToggleButton.swift in Sources */,
				3AD19660264DB3A9000E0BA4 /* BorderButton.swift in Sources */,
				6120884B29F512B600A9CC4F /* Favorite_Ubike_Station+CoreDataProperties.swift in Sources */,
				61ACFA4B29F9C34B00DF0760 /* UibikeStationBottomSheetStateMapperType.swift in Sources */,
				616F217529F437D100B88BD3 /* UibikeStationBottomSheetState.swift in Sources */,
				6124F05529EE79C100A0301A /* UserDefaultsService.swift in Sources */,
				6124F04D29EE542000A0301A /* UbikeStation.swift in Sources */,
				6124F04B29EE4EEC00A0301A /* UbikeStationsRepositoryType.swift in Sources */,
				3AD19664264EEDA6000E0BA4 /* RoundedRectangleShadowButton.swift in Sources */,
				61BBC6FB29F17EEF0029B07E /* LocationManagerProxy.swift in Sources */,
				3AD19656264B7F1A000E0BA4 /* GetUBikesApiModel.swift in Sources */,
				6160BC2829F835FD00209A36 /* AlamofireNetworkServiceType.swift in Sources */,
				6124F0FC29EFB14500A0301A /* UBike.xcdatamodeld in Sources */,
				3AD19662264ECF84000E0BA4 /* NetworkConstants.swift in Sources */,
				61ACFA4D29F9C3C600DF0760 /* LocationManagerProxyType.swift in Sources */,
				6160BC3129F83DC400209A36 /* HomeCoordinatorType.swift in Sources */,
				6124F03E29ED7F4B00A0301A /* GetUBikesInterface.swift in Sources */,
				6124F05D29EF11CF00A0301A /* CoreDataServiceType.swift in Sources */,
				6124F03B29ED205C00A0301A /* APIInterface.swift in Sources */,
				3AD1964F264B791C000E0BA4 /* AlamofireNetworkService.swift in Sources */,
				6164500529F7751800696A05 /* AppleMapService.swift in Sources */,
				6124F04529EE453100A0301A /* RemoteDataSourceType.swift in Sources */,
				3AD1961B264B73D7000E0BA4 /* SceneDelegate.swift in Sources */,
				6124F04329EE440900A0301A /* UbikeStationsRepository.swift in Sources */,
				61BBC5E829F109230029B07E /* UserDefaultsServiceType.swift in Sources */,
				6124F05929EECF5F00A0301A /* LocalStorageConstants.swift in Sources */,
				3AD1965E264DA1A1000E0BA4 /* UBikeStationAnnotation.swift in Sources */,
			);
			runOnlyForDeploymentPostprocessing = 0;
		};
		3AD1962A264B73DF000E0BA4 /* Sources */ = {
			isa = PBXSourcesBuildPhase;
			buildActionMask = 2147483647;
			files = (
				61ACFA4929F9C29000DF0760 /* HomeViewModelTests.swift in Sources */,
				6147CE0B2A01893D00895E7D /* UibikeStationBottomSheetStateMapperTests.swift in Sources */,
			);
			runOnlyForDeploymentPostprocessing = 0;
		};
/* End PBXSourcesBuildPhase section */

/* Begin PBXTargetDependency section */
		3AD19630264B73DF000E0BA4 /* PBXTargetDependency */ = {
			isa = PBXTargetDependency;
			target = 3AD19614264B73D7000E0BA4 /* UBike */;
			targetProxy = 3AD1962F264B73DF000E0BA4 /* PBXContainerItemProxy */;
		};
/* End PBXTargetDependency section */

/* Begin PBXVariantGroup section */
		3AD19626264B73DE000E0BA4 /* LaunchScreen.storyboard */ = {
			isa = PBXVariantGroup;
			children = (
				3AD19627264B73DE000E0BA4 /* Base */,
			);
			name = LaunchScreen.storyboard;
			sourceTree = "<group>";
		};
/* End PBXVariantGroup section */

/* Begin XCBuildConfiguration section */
		3AD19640264B73DF000E0BA4 /* Debug */ = {
			isa = XCBuildConfiguration;
			buildSettings = {
				ALWAYS_SEARCH_USER_PATHS = NO;
				CLANG_ANALYZER_NONNULL = YES;
				CLANG_ANALYZER_NUMBER_OBJECT_CONVERSION = YES_AGGRESSIVE;
				CLANG_CXX_LANGUAGE_STANDARD = "gnu++14";
				CLANG_CXX_LIBRARY = "libc++";
				CLANG_ENABLE_MODULES = YES;
				CLANG_ENABLE_OBJC_ARC = YES;
				CLANG_ENABLE_OBJC_WEAK = YES;
				CLANG_WARN_BLOCK_CAPTURE_AUTORELEASING = YES;
				CLANG_WARN_BOOL_CONVERSION = YES;
				CLANG_WARN_COMMA = YES;
				CLANG_WARN_CONSTANT_CONVERSION = YES;
				CLANG_WARN_DEPRECATED_OBJC_IMPLEMENTATIONS = YES;
				CLANG_WARN_DIRECT_OBJC_ISA_USAGE = YES_ERROR;
				CLANG_WARN_DOCUMENTATION_COMMENTS = YES;
				CLANG_WARN_EMPTY_BODY = YES;
				CLANG_WARN_ENUM_CONVERSION = YES;
				CLANG_WARN_INFINITE_RECURSION = YES;
				CLANG_WARN_INT_CONVERSION = YES;
				CLANG_WARN_NON_LITERAL_NULL_CONVERSION = YES;
				CLANG_WARN_OBJC_IMPLICIT_RETAIN_SELF = YES;
				CLANG_WARN_OBJC_LITERAL_CONVERSION = YES;
				CLANG_WARN_OBJC_ROOT_CLASS = YES_ERROR;
				CLANG_WARN_QUOTED_INCLUDE_IN_FRAMEWORK_HEADER = YES;
				CLANG_WARN_RANGE_LOOP_ANALYSIS = YES;
				CLANG_WARN_STRICT_PROTOTYPES = YES;
				CLANG_WARN_SUSPICIOUS_MOVE = YES;
				CLANG_WARN_UNGUARDED_AVAILABILITY = YES_AGGRESSIVE;
				CLANG_WARN_UNREACHABLE_CODE = YES;
				CLANG_WARN__DUPLICATE_METHOD_MATCH = YES;
				COPY_PHASE_STRIP = NO;
				DEBUG_INFORMATION_FORMAT = dwarf;
				ENABLE_STRICT_OBJC_MSGSEND = YES;
				ENABLE_TESTABILITY = YES;
				GCC_C_LANGUAGE_STANDARD = gnu11;
				GCC_DYNAMIC_NO_PIC = NO;
				GCC_NO_COMMON_BLOCKS = YES;
				GCC_OPTIMIZATION_LEVEL = 0;
				GCC_PREPROCESSOR_DEFINITIONS = (
					"DEBUG=1",
					"$(inherited)",
				);
				GCC_WARN_64_TO_32_BIT_CONVERSION = YES;
				GCC_WARN_ABOUT_RETURN_TYPE = YES_ERROR;
				GCC_WARN_UNDECLARED_SELECTOR = YES;
				GCC_WARN_UNINITIALIZED_AUTOS = YES_AGGRESSIVE;
				GCC_WARN_UNUSED_FUNCTION = YES;
				GCC_WARN_UNUSED_VARIABLE = YES;
				IPHONEOS_DEPLOYMENT_TARGET = 14.3;
				MTL_ENABLE_DEBUG_INFO = INCLUDE_SOURCE;
				MTL_FAST_MATH = YES;
				ONLY_ACTIVE_ARCH = YES;
				SDKROOT = iphoneos;
				SWIFT_ACTIVE_COMPILATION_CONDITIONS = DEBUG;
				SWIFT_OPTIMIZATION_LEVEL = "-Onone";
			};
			name = Debug;
		};
		3AD19641264B73DF000E0BA4 /* Release */ = {
			isa = XCBuildConfiguration;
			buildSettings = {
				ALWAYS_SEARCH_USER_PATHS = NO;
				CLANG_ANALYZER_NONNULL = YES;
				CLANG_ANALYZER_NUMBER_OBJECT_CONVERSION = YES_AGGRESSIVE;
				CLANG_CXX_LANGUAGE_STANDARD = "gnu++14";
				CLANG_CXX_LIBRARY = "libc++";
				CLANG_ENABLE_MODULES = YES;
				CLANG_ENABLE_OBJC_ARC = YES;
				CLANG_ENABLE_OBJC_WEAK = YES;
				CLANG_WARN_BLOCK_CAPTURE_AUTORELEASING = YES;
				CLANG_WARN_BOOL_CONVERSION = YES;
				CLANG_WARN_COMMA = YES;
				CLANG_WARN_CONSTANT_CONVERSION = YES;
				CLANG_WARN_DEPRECATED_OBJC_IMPLEMENTATIONS = YES;
				CLANG_WARN_DIRECT_OBJC_ISA_USAGE = YES_ERROR;
				CLANG_WARN_DOCUMENTATION_COMMENTS = YES;
				CLANG_WARN_EMPTY_BODY = YES;
				CLANG_WARN_ENUM_CONVERSION = YES;
				CLANG_WARN_INFINITE_RECURSION = YES;
				CLANG_WARN_INT_CONVERSION = YES;
				CLANG_WARN_NON_LITERAL_NULL_CONVERSION = YES;
				CLANG_WARN_OBJC_IMPLICIT_RETAIN_SELF = YES;
				CLANG_WARN_OBJC_LITERAL_CONVERSION = YES;
				CLANG_WARN_OBJC_ROOT_CLASS = YES_ERROR;
				CLANG_WARN_QUOTED_INCLUDE_IN_FRAMEWORK_HEADER = YES;
				CLANG_WARN_RANGE_LOOP_ANALYSIS = YES;
				CLANG_WARN_STRICT_PROTOTYPES = YES;
				CLANG_WARN_SUSPICIOUS_MOVE = YES;
				CLANG_WARN_UNGUARDED_AVAILABILITY = YES_AGGRESSIVE;
				CLANG_WARN_UNREACHABLE_CODE = YES;
				CLANG_WARN__DUPLICATE_METHOD_MATCH = YES;
				COPY_PHASE_STRIP = NO;
				DEBUG_INFORMATION_FORMAT = "dwarf-with-dsym";
				ENABLE_NS_ASSERTIONS = NO;
				ENABLE_STRICT_OBJC_MSGSEND = YES;
				GCC_C_LANGUAGE_STANDARD = gnu11;
				GCC_NO_COMMON_BLOCKS = YES;
				GCC_WARN_64_TO_32_BIT_CONVERSION = YES;
				GCC_WARN_ABOUT_RETURN_TYPE = YES_ERROR;
				GCC_WARN_UNDECLARED_SELECTOR = YES;
				GCC_WARN_UNINITIALIZED_AUTOS = YES_AGGRESSIVE;
				GCC_WARN_UNUSED_FUNCTION = YES;
				GCC_WARN_UNUSED_VARIABLE = YES;
				IPHONEOS_DEPLOYMENT_TARGET = 14.3;
				MTL_ENABLE_DEBUG_INFO = NO;
				MTL_FAST_MATH = YES;
				SDKROOT = iphoneos;
				SWIFT_COMPILATION_MODE = wholemodule;
				SWIFT_OPTIMIZATION_LEVEL = "-O";
				VALIDATE_PRODUCT = YES;
			};
			name = Release;
		};
		3AD19643264B73DF000E0BA4 /* Debug */ = {
			isa = XCBuildConfiguration;
			baseConfigurationReference = EFC3567F8368AEFB2E000F34 /* Pods-UBike.debug.xcconfig */;
			buildSettings = {
				ASSETCATALOG_COMPILER_APPICON_NAME = AppIcon;
				ASSETCATALOG_COMPILER_GLOBAL_ACCENT_COLOR_NAME = AccentColor;
				CODE_SIGN_STYLE = Automatic;
				DEVELOPMENT_TEAM = 25Q4Y7QB9R;
				INFOPLIST_FILE = UBike/Info.plist;
				IPHONEOS_DEPLOYMENT_TARGET = 14.3;
				LD_RUNPATH_SEARCH_PATHS = (
					"$(inherited)",
					"@executable_path/Frameworks",
				);
				PRODUCT_BUNDLE_IDENTIFIER = vince.UBike;
				PRODUCT_NAME = "$(TARGET_NAME)";
				SWIFT_VERSION = 5.0;
				TARGETED_DEVICE_FAMILY = 1;
			};
			name = Debug;
		};
		3AD19644264B73DF000E0BA4 /* Release */ = {
			isa = XCBuildConfiguration;
			baseConfigurationReference = 5D0E5A7A48A4F0F2DA7A6EB8 /* Pods-UBike.release.xcconfig */;
			buildSettings = {
				ASSETCATALOG_COMPILER_APPICON_NAME = AppIcon;
				ASSETCATALOG_COMPILER_GLOBAL_ACCENT_COLOR_NAME = AccentColor;
				CODE_SIGN_STYLE = Automatic;
				DEVELOPMENT_TEAM = 25Q4Y7QB9R;
				INFOPLIST_FILE = UBike/Info.plist;
				IPHONEOS_DEPLOYMENT_TARGET = 14.3;
				LD_RUNPATH_SEARCH_PATHS = (
					"$(inherited)",
					"@executable_path/Frameworks",
				);
				PRODUCT_BUNDLE_IDENTIFIER = vince.UBike;
				PRODUCT_NAME = "$(TARGET_NAME)";
				SWIFT_VERSION = 5.0;
				TARGETED_DEVICE_FAMILY = 1;
			};
			name = Release;
		};
		3AD19646264B73DF000E0BA4 /* Debug */ = {
			isa = XCBuildConfiguration;
			baseConfigurationReference = F071FBF07277956C10CC0595 /* Pods-UBikeTests.debug.xcconfig */;
			buildSettings = {
				ALWAYS_EMBED_SWIFT_STANDARD_LIBRARIES = YES;
				BUNDLE_LOADER = "$(TEST_HOST)";
				CLANG_ENABLE_MODULES = YES;
				CODE_SIGN_STYLE = Automatic;
				DEVELOPMENT_TEAM = 25Q4Y7QB9R;
				INFOPLIST_FILE = UBikeTests/Info.plist;
				IPHONEOS_DEPLOYMENT_TARGET = 14.5;
				LD_RUNPATH_SEARCH_PATHS = (
					"$(inherited)",
					"@executable_path/Frameworks",
					"@loader_path/Frameworks",
				);
				PRODUCT_BUNDLE_IDENTIFIER = vince.UBikeTests;
				PRODUCT_NAME = "$(TARGET_NAME)";
				SWIFT_OPTIMIZATION_LEVEL = "-Onone";
				SWIFT_VERSION = 5.0;
				TARGETED_DEVICE_FAMILY = "1,2";
				TEST_HOST = "$(BUILT_PRODUCTS_DIR)/UBike.app/UBike";
			};
			name = Debug;
		};
		3AD19647264B73DF000E0BA4 /* Release */ = {
			isa = XCBuildConfiguration;
			baseConfigurationReference = 8D23C74852C1AEBA037E5396 /* Pods-UBikeTests.release.xcconfig */;
			buildSettings = {
				ALWAYS_EMBED_SWIFT_STANDARD_LIBRARIES = YES;
				BUNDLE_LOADER = "$(TEST_HOST)";
				CLANG_ENABLE_MODULES = YES;
				CODE_SIGN_STYLE = Automatic;
				DEVELOPMENT_TEAM = 25Q4Y7QB9R;
				INFOPLIST_FILE = UBikeTests/Info.plist;
				IPHONEOS_DEPLOYMENT_TARGET = 14.5;
				LD_RUNPATH_SEARCH_PATHS = (
					"$(inherited)",
					"@executable_path/Frameworks",
					"@loader_path/Frameworks",
				);
				PRODUCT_BUNDLE_IDENTIFIER = vince.UBikeTests;
				PRODUCT_NAME = "$(TARGET_NAME)";
				SWIFT_VERSION = 5.0;
				TARGETED_DEVICE_FAMILY = "1,2";
				TEST_HOST = "$(BUILT_PRODUCTS_DIR)/UBike.app/UBike";
			};
			name = Release;
		};
/* End XCBuildConfiguration section */

/* Begin XCConfigurationList section */
		3AD19610264B73D6000E0BA4 /* Build configuration list for PBXProject "UBike" */ = {
			isa = XCConfigurationList;
			buildConfigurations = (
				3AD19640264B73DF000E0BA4 /* Debug */,
				3AD19641264B73DF000E0BA4 /* Release */,
			);
			defaultConfigurationIsVisible = 0;
			defaultConfigurationName = Release;
		};
		3AD19642264B73DF000E0BA4 /* Build configuration list for PBXNativeTarget "UBike" */ = {
			isa = XCConfigurationList;
			buildConfigurations = (
				3AD19643264B73DF000E0BA4 /* Debug */,
				3AD19644264B73DF000E0BA4 /* Release */,
			);
			defaultConfigurationIsVisible = 0;
			defaultConfigurationName = Release;
		};
		3AD19645264B73DF000E0BA4 /* Build configuration list for PBXNativeTarget "UBikeTests" */ = {
			isa = XCConfigurationList;
			buildConfigurations = (
				3AD19646264B73DF000E0BA4 /* Debug */,
				3AD19647264B73DF000E0BA4 /* Release */,
			);
			defaultConfigurationIsVisible = 0;
			defaultConfigurationName = Release;
		};
/* End XCConfigurationList section */

/* Begin XCVersionGroup section */
		6124F0FA29EFB14500A0301A /* UBike.xcdatamodeld */ = {
			isa = XCVersionGroup;
			children = (
				6124F0FB29EFB14500A0301A /* UBike.xcdatamodel */,
			);
			currentVersion = 6124F0FB29EFB14500A0301A /* UBike.xcdatamodel */;
			path = UBike.xcdatamodeld;
			sourceTree = "<group>";
			versionGroupType = wrapper.xcdatamodel;
		};
/* End XCVersionGroup section */
	};
	rootObject = 3AD1960D264B73D6000E0BA4 /* Project object */;
}
